PODS:
  - AFNetworking (2.6.1):
    - AFNetworking/NSURLConnection (= 2.6.1)
    - AFNetworking/NSURLSession (= 2.6.1)
    - AFNetworking/Reachability (= 2.6.1)
    - AFNetworking/Security (= 2.6.1)
    - AFNetworking/Serialization (= 2.6.1)
    - AFNetworking/UIKit (= 2.6.1)
  - AFNetworking/NSURLConnection (2.6.1):
    - AFNetworking/Reachability
    - AFNetworking/Security
    - AFNetworking/Serialization
  - AFNetworking/NSURLSession (2.6.1):
    - AFNetworking/Reachability
    - AFNetworking/Security
    - AFNetworking/Serialization
  - AFNetworking/Reachability (2.6.1)
  - AFNetworking/Security (2.6.1)
  - AFNetworking/Serialization (2.6.1)
  - AFNetworking/UIKit (2.6.1):
    - AFNetworking/NSURLConnection
    - AFNetworking/NSURLSession
  - FBSnapshotTestCase/Core (2.1.4)
  - GoogleProtobuf (2.6.1)
  - Punycode-Cocoa (1.2.2)
  - RaptureXML (1.0.1)
  - UICKeyChainStore (2.1.1)
  - YandexMobileUI (0.4.1)
  - YXAccountManager (4.13.1):
    - UICKeyChainStore (~> 2.1)
    - YXAccountManager/Static (= 4.13.1)
    - YXAppAnalyticsCore (~> 0.2)
    - YXLogger (~> 2.2)
    - YXPlatformDescription (~> 2.0)
    - YXStartupClientIdentifier (~> 1.0)
  - YXAccountManager/Engine (4.13.1):
    - UICKeyChainStore (~> 2.1)
    - YXAppAnalyticsCore (~> 0.2)
    - YXLogger (~> 2.2)
    - YXPlatformDescription (~> 2.0)
    - YXStartupClientIdentifier (~> 1.0)
  - YXAccountManager/General (4.13.1):
    - UICKeyChainStore (~> 2.1)
    - YandexMobileUI (~> 0.3)
    - YXAccountManager/Engine
    - YXAppAnalyticsCore (~> 0.2)
    - YXCommonCategories (~> 1.0)
    - YXLogger (~> 2.2)
    - YXPlatformDescription (~> 2.0)
    - YXStartupClientIdentifier (~> 1.0)
    - YXYandexation (~> 1.0)
  - YXAccountManager/Static (4.13.1):
    - UICKeyChainStore (~> 2.1)
    - YXAccountManager/General
    - YXAppAnalyticsCore (~> 0.2)
    - YXLogger (~> 2.2)
    - YXPlatformDescription (~> 2.0)
    - YXSSLPinning (~> 2.8)
    - YXStartupClientIdentifier (~> 1.0)
  - YXAppAnalyticsCore (0.2.0)
  - YXCommonCategories (1.0.12)
  - YXLibraryMetricaAnalytics/Core (2.10.0):
    - YXAppAnalyticsCore (~> 0.2.0)
    - YXMobileMetrica (~> 2.8.0)
    - YXPlatformDescription (~> 2.0.12)
  - YXLibraryMetricaAnalytics/YXAccountManager (2.10.0):
    - YXAppAnalyticsCore (~> 0.2.0)
    - YXLibraryMetricaAnalytics/Core
    - YXPlatformDescription (~> 2.0.12)
  - YXLogger (2.3.0)
  - YXMetricaStartupClientIdentifier (2.7.0):
    - YXMetricaStartupClientIdentifier/Static (= 2.7.0)
    - YXStartupClientIdentifier (~> 1.0.0)
  - YXMetricaStartupClientIdentifier/Core (2.7.0):
    - YXStartupClientIdentifier (~> 1.0.0)
  - YXMetricaStartupClientIdentifier/Static (2.7.0):
    - YXMetricaStartupClientIdentifier/Core
    - YXMobileMetrica (~> 2.8.0)
    - YXStartupClientIdentifier (~> 1.0.0)
  - YXMobileMetrica (2.8.0):
    - YXMobileMetrica/Static (= 2.8.0)
  - YXMobileMetrica/Static (2.8.0)
  - YXOpenSSL/DynamicMangle (1.1.0)
  - YXOpenSSL/Mangle (1.1.0):
    - YXOpenSSL/DynamicMangle
  - YXPlatformDescription (2.0.12)
  - YXSSLPinning (2.8.0):
    - YXAppAnalyticsCore (~> 0.2)
    - YXCommonCategories (~> 1.0)
    - YXLogger (~> 2.2)
    - YXPlatformDescription (~> 2.0)
    - YXSSLPinning/Static (= 2.8.0)
    - YXStartupClientIdentifier (~> 1.0)
    - YXStartupParameters (~> 2.0)
  - YXSSLPinning/Core (2.8.0):
    - YXAppAnalyticsCore (~> 0.2)
    - YXCommonCategories (~> 1.0)
    - YXLogger (~> 2.2)
    - YXPlatformDescription (~> 2.0)
    - YXStartupClientIdentifier (~> 1.0)
    - YXStartupParameters (~> 2.0)
  - YXSSLPinning/Static (2.8.0):
    - YXAppAnalyticsCore (~> 0.2)
    - YXCommonCategories (~> 1.0)
    - YXLogger (~> 2.2)
    - YXOpenSSL/Mangle (~> 1.1)
    - YXPlatformDescription (~> 2.0)
    - YXSSLPinning/Core
    - YXStartupClientIdentifier (~> 1.0)
    - YXStartupParameters (~> 2.0)
  - YXStartupClientIdentifier (1.0.2)
  - YXStartupParameters (2.0.1):
    - YXCommonCategories (~> 1.0)
    - YXLogger (~> 2.0)
    - YXPlatformDescription (~> 2.0)
    - YXStartupClientIdentifier (~> 1.0.0)
  - YXYandexation (1.0.4)

DEPENDENCIES:
  - AFNetworking (= 2.6.1)
  - FBSnapshotTestCase/Core
  - GoogleProtobuf
  - Punycode-Cocoa
  - RaptureXML
  - YXAccountManager
  - YXLibraryMetricaAnalytics/YXAccountManager
  - YXMetricaStartupClientIdentifier

SPEC CHECKSUMS:
  AFNetworking: 8e4e60500beb8bec644cf575beee72990a76d399
  FBSnapshotTestCase: 094f9f314decbabe373b87cc339bea235a63e07a
  GoogleProtobuf: 6f0dd22a96385c13bb9b8e6e5b66e81a93e17f58
  Punycode-Cocoa: 16f4eba3a78a19cb3342083340d917b1111a315a
  RaptureXML: b5c33c04c1a4adfd8ad0d5463329a31820596e82
  UICKeyChainStore: 239558492fa260531a0774cfc611ea83a6eaff3a
  YandexMobileUI: f793ab09d3a8f30ff8b0691a94b90d8ea1d7fffd
  YXAccountManager: c5fbd287c2d17e9c7a69ec20c2aadc6e23125fc8
  YXAppAnalyticsCore: 0d6b9ecfbfefdac0da0ba34396476cb9e5d5654a
  YXCommonCategories: c7ab88ba13ee043f645af8df80f2f7da79e9ce61
  YXLibraryMetricaAnalytics: 037931f4138005cebd01f024b797c782c980f08e
  YXLogger: 1915dc33c394ba70df62007ebf79924592d95df6
  YXMetricaStartupClientIdentifier: 7e08af4bef9dad0024b4fec6d66938305ac28c63
  YXMobileMetrica: 91ba2d7d4fa2a87dc6d74423f4549320a42b669e
  YXOpenSSL: 206df7f64356a996c52d9fd321ee0bd4cfec30c2
  YXPlatformDescription: a74e0a3b66fb1b2f2cb4a5634aef7ba549898497
  YXSSLPinning: d43072675f25c4684c9242b211cf44a09baa202b
  YXStartupClientIdentifier: 192094f470f9e1b306b28c31fa39f18a4512a553
  YXStartupParameters: 356d1a685b46749268a5a323f041ed9fa8f20b69
  YXYandexation: 22f3da3d6d0ee79a4c528a726e8eba4df83a8c08

PODFILE CHECKSUM: 071d370bf1acc18afd85a2e4427ab1fa91e93fc0

COCOAPODS: 1.1.1
