// !$*UTF8*$!
{
	archiveVersion = 1;
	classes = {
	};
	objectVersion = 46;
	objects = {

/* Begin PBXBuildFile section */
		0A0BA55E1ACD958A0003A90B /* main.m in Sources */ = {isa = PBXBuildFile; fileRef = 0A0BA55D1ACD958A0003A90B /* main.m */; };
		0A0BA5611ACD958A0003A90B /* AppDelegate.m in Sources */ = {isa = PBXBuildFile; fileRef = 0A0BA5601ACD958A0003A90B /* AppDelegate.m */; };
		0A0BA5671ACD958A0003A90B /* Main.storyboard in Resources */ = {isa = PBXBuildFile; fileRef = 0A0BA5651ACD958A0003A90B /* Main.storyboard */; };
		0A0BA5691ACD958A0003A90B /* Images.xcassets in Resources */ = {isa = PBXBuildFile; fileRef = 0A0BA5681ACD958A0003A90B /* Images.xcassets */; };
		0A0BA56C1ACD958A0003A90B /* LaunchScreen.xib in Resources */ = {isa = PBXBuildFile; fileRef = 0A0BA56A1ACD958A0003A90B /* LaunchScreen.xib */; };
		2D605E2C1DE72C4B00C1EF03 /* CoreMotion.framework in Frameworks */ = {isa = PBXBuildFile; fileRef = 2D605E2B1DE72C4B00C1EF03 /* CoreMotion.framework */; };
		3268EAC31DDED7940064E5D5 /* AVFoundation.framework in Frameworks */ = {isa = PBXBuildFile; fileRef = 3268EAC21DDED7930064E5D5 /* AVFoundation.framework */; };
		6FE9AB231DBFE4BA00FC9453 /* YMTests.m in Sources */ = {isa = PBXBuildFile; fileRef = 6FE9AB221DBFE4BA00FC9453 /* YMTests.m */; };
		6FE9AB2F1DBFEB2F00FC9453 /* unit_test_wrapper.cpp in Sources */ = {isa = PBXBuildFile; fileRef = 6FE9AB2D1DBFEB2F00FC9453 /* unit_test_wrapper.cpp */; };
		6FE9AB301DBFEDAD00FC9453 /* libresolv.dylib in Frameworks */ = {isa = PBXBuildFile; fileRef = 69F84C4C1AEAD001000298F7 /* libresolv.dylib */; };
		6FE9AB311DBFEDAF00FC9453 /* libc++.dylib in Frameworks */ = {isa = PBXBuildFile; fileRef = 698FB5001AEAA94A00F3D184 /* libc++.dylib */; };
		6FE9AB321DBFEDB400FC9453 /* GLKit.framework in Frameworks */ = {isa = PBXBuildFile; fileRef = 698FB4FE1AEAA93700F3D184 /* GLKit.framework */; };
		6FE9AB331DBFEDB900FC9453 /* CoreLocation.framework in Frameworks */ = {isa = PBXBuildFile; fileRef = 698FB4FC1AEAA8D600F3D184 /* CoreLocation.framework */; };
		6FE9AB341DBFEDBD00FC9453 /* Security.framework in Frameworks */ = {isa = PBXBuildFile; fileRef = 693C76371AEAA83A002032E2 /* Security.framework */; };
		6FE9AB351DBFEDC000FC9453 /* CoreTelephony.framework in Frameworks */ = {isa = PBXBuildFile; fileRef = 693C76351AEAA825002032E2 /* CoreTelephony.framework */; };
		6FE9AB361DBFEDC400FC9453 /* SystemConfiguration.framework in Frameworks */ = {isa = PBXBuildFile; fileRef = 693C76331AEAA816002032E2 /* SystemConfiguration.framework */; };
		6FE9AB371DBFEDC700FC9453 /* CoreGraphics.framework in Frameworks */ = {isa = PBXBuildFile; fileRef = 693C76311AEAA80A002032E2 /* CoreGraphics.framework */; };
		6FE9AB381DBFEDC900FC9453 /* UIKit.framework in Frameworks */ = {isa = PBXBuildFile; fileRef = 693C762F1AEAA7FF002032E2 /* UIKit.framework */; };
		6FE9AB391DBFEDCC00FC9453 /* Foundation.framework in Frameworks */ = {isa = PBXBuildFile; fileRef = 693C762D1AEAA7F8002032E2 /* Foundation.framework */; };
		6FE9AB3A1DBFEDCF00FC9453 /* MobileCoreServices.framework in Frameworks */ = {isa = PBXBuildFile; fileRef = 693C762B1AEAA7A7002032E2 /* MobileCoreServices.framework */; };
		6FE9AB3B1DBFEDD200FC9453 /* QuartzCore.framework in Frameworks */ = {isa = PBXBuildFile; fileRef = 693C76291AEAA79E002032E2 /* QuartzCore.framework */; };
		6FE9AB3C1DBFEDD500FC9453 /* CoreText.framework in Frameworks */ = {isa = PBXBuildFile; fileRef = 693C76271AEAA795002032E2 /* CoreText.framework */; };
/* End PBXBuildFile section */

/* Begin PBXContainerItemProxy section */
		6FE9AB251DBFE4BA00FC9453 /* PBXContainerItemProxy */ = {
			isa = PBXContainerItemProxy;
			containerPortal = 0A0BA5501ACD95890003A90B /* Project object */;
			proxyType = 1;
			remoteGlobalIDString = 0A0BA5571ACD95890003A90B;
			remoteInfo = YMUnitTests;
		};
/* End PBXContainerItemProxy section */

/* Begin PBXFileReference section */
		0A0BA5581ACD958A0003A90B /* YMUnitTests.app */ = {isa = PBXFileReference; explicitFileType = wrapper.application; includeInIndex = 0; path = YMUnitTests.app; sourceTree = BUILT_PRODUCTS_DIR; };
		0A0BA55C1ACD958A0003A90B /* Info.plist */ = {isa = PBXFileReference; lastKnownFileType = text.plist.xml; path = Info.plist; sourceTree = "<group>"; };
		0A0BA55D1ACD958A0003A90B /* main.m */ = {isa = PBXFileReference; lastKnownFileType = sourcecode.c.objc; path = main.m; sourceTree = "<group>"; };
		0A0BA55F1ACD958A0003A90B /* AppDelegate.h */ = {isa = PBXFileReference; lastKnownFileType = sourcecode.c.h; path = AppDelegate.h; sourceTree = "<group>"; };
		0A0BA5601ACD958A0003A90B /* AppDelegate.m */ = {isa = PBXFileReference; lastKnownFileType = sourcecode.c.objc; path = AppDelegate.m; sourceTree = "<group>"; };
		0A0BA5661ACD958A0003A90B /* Base */ = {isa = PBXFileReference; lastKnownFileType = file.storyboard; name = Base; path = Base.lproj/Main.storyboard; sourceTree = "<group>"; };
		0A0BA5681ACD958A0003A90B /* Images.xcassets */ = {isa = PBXFileReference; lastKnownFileType = folder.assetcatalog; path = Images.xcassets; sourceTree = "<group>"; };
		0A0BA56B1ACD958A0003A90B /* Base */ = {isa = PBXFileReference; lastKnownFileType = file.xib; name = Base; path = Base.lproj/LaunchScreen.xib; sourceTree = "<group>"; };
		2D605E2B1DE72C4B00C1EF03 /* CoreMotion.framework */ = {isa = PBXFileReference; lastKnownFileType = wrapper.framework; name = CoreMotion.framework; path = System/Library/Frameworks/CoreMotion.framework; sourceTree = SDKROOT; };
		3268EAC21DDED7930064E5D5 /* AVFoundation.framework */ = {isa = PBXFileReference; lastKnownFileType = wrapper.framework; name = AVFoundation.framework; path = System/Library/Frameworks/AVFoundation.framework; sourceTree = SDKROOT; };
		693C76271AEAA795002032E2 /* CoreText.framework */ = {isa = PBXFileReference; lastKnownFileType = wrapper.framework; name = CoreText.framework; path = System/Library/Frameworks/CoreText.framework; sourceTree = SDKROOT; };
		693C76291AEAA79E002032E2 /* QuartzCore.framework */ = {isa = PBXFileReference; lastKnownFileType = wrapper.framework; name = QuartzCore.framework; path = System/Library/Frameworks/QuartzCore.framework; sourceTree = SDKROOT; };
		693C762B1AEAA7A7002032E2 /* MobileCoreServices.framework */ = {isa = PBXFileReference; lastKnownFileType = wrapper.framework; name = MobileCoreServices.framework; path = System/Library/Frameworks/MobileCoreServices.framework; sourceTree = SDKROOT; };
		693C762D1AEAA7F8002032E2 /* Foundation.framework */ = {isa = PBXFileReference; lastKnownFileType = wrapper.framework; name = Foundation.framework; path = System/Library/Frameworks/Foundation.framework; sourceTree = SDKROOT; };
		693C762F1AEAA7FF002032E2 /* UIKit.framework */ = {isa = PBXFileReference; lastKnownFileType = wrapper.framework; name = UIKit.framework; path = System/Library/Frameworks/UIKit.framework; sourceTree = SDKROOT; };
		693C76311AEAA80A002032E2 /* CoreGraphics.framework */ = {isa = PBXFileReference; lastKnownFileType = wrapper.framework; name = CoreGraphics.framework; path = System/Library/Frameworks/CoreGraphics.framework; sourceTree = SDKROOT; };
		693C76331AEAA816002032E2 /* SystemConfiguration.framework */ = {isa = PBXFileReference; lastKnownFileType = wrapper.framework; name = SystemConfiguration.framework; path = System/Library/Frameworks/SystemConfiguration.framework; sourceTree = SDKROOT; };
		693C76351AEAA825002032E2 /* CoreTelephony.framework */ = {isa = PBXFileReference; lastKnownFileType = wrapper.framework; name = CoreTelephony.framework; path = System/Library/Frameworks/CoreTelephony.framework; sourceTree = SDKROOT; };
		693C76371AEAA83A002032E2 /* Security.framework */ = {isa = PBXFileReference; lastKnownFileType = wrapper.framework; name = Security.framework; path = System/Library/Frameworks/Security.framework; sourceTree = SDKROOT; };
		698FB4FC1AEAA8D600F3D184 /* CoreLocation.framework */ = {isa = PBXFileReference; lastKnownFileType = wrapper.framework; name = CoreLocation.framework; path = System/Library/Frameworks/CoreLocation.framework; sourceTree = SDKROOT; };
		698FB4FE1AEAA93700F3D184 /* GLKit.framework */ = {isa = PBXFileReference; lastKnownFileType = wrapper.framework; name = GLKit.framework; path = System/Library/Frameworks/GLKit.framework; sourceTree = SDKROOT; };
		698FB5001AEAA94A00F3D184 /* libc++.dylib */ = {isa = PBXFileReference; lastKnownFileType = "compiled.mach-o.dylib"; name = "libc++.dylib"; path = "usr/lib/libc++.dylib"; sourceTree = SDKROOT; };
		69CC0D3D1B0F78AD00B6319A /* YMUnitTests.entitlements */ = {isa = PBXFileReference; lastKnownFileType = text.xml; path = YMUnitTests.entitlements; sourceTree = "<group>"; };
		69F84C4C1AEAD001000298F7 /* libresolv.dylib */ = {isa = PBXFileReference; lastKnownFileType = "compiled.mach-o.dylib"; name = libresolv.dylib; path = usr/lib/libresolv.dylib; sourceTree = SDKROOT; };
		6FE9AB201DBFE4BA00FC9453 /* YMTests.xctest */ = {isa = PBXFileReference; explicitFileType = wrapper.cfbundle; includeInIndex = 0; path = YMTests.xctest; sourceTree = BUILT_PRODUCTS_DIR; };
		6FE9AB221DBFE4BA00FC9453 /* YMTests.m */ = {isa = PBXFileReference; lastKnownFileType = sourcecode.c.objc; path = YMTests.m; sourceTree = "<group>"; };
		6FE9AB241DBFE4BA00FC9453 /* Info.plist */ = {isa = PBXFileReference; lastKnownFileType = text.plist.xml; path = Info.plist; sourceTree = "<group>"; };
		6FE9AB2D1DBFEB2F00FC9453 /* unit_test_wrapper.cpp */ = {isa = PBXFileReference; fileEncoding = 4; lastKnownFileType = sourcecode.cpp.cpp; path = unit_test_wrapper.cpp; sourceTree = "<group>"; };
		6FE9AB2E1DBFEB2F00FC9453 /* unit_test_wrapper.h */ = {isa = PBXFileReference; fileEncoding = 4; lastKnownFileType = sourcecode.c.h; path = unit_test_wrapper.h; sourceTree = "<group>"; };
/* End PBXFileReference section */

/* Begin PBXFrameworksBuildPhase section */
		0A0BA5551ACD95890003A90B /* Frameworks */ = {
			isa = PBXFrameworksBuildPhase;
			buildActionMask = 2147483647;
			files = (
			);
			runOnlyForDeploymentPostprocessing = 0;
		};
		6FE9AB1D1DBFE4BA00FC9453 /* Frameworks */ = {
			isa = PBXFrameworksBuildPhase;
			buildActionMask = 2147483647;
			files = (
				2D605E2C1DE72C4B00C1EF03 /* CoreMotion.framework in Frameworks */,
				6FE9AB301DBFEDAD00FC9453 /* libresolv.dylib in Frameworks */,
				6FE9AB311DBFEDAF00FC9453 /* libc++.dylib in Frameworks */,
				6FE9AB321DBFEDB400FC9453 /* GLKit.framework in Frameworks */,
				6FE9AB331DBFEDB900FC9453 /* CoreLocation.framework in Frameworks */,
				6FE9AB341DBFEDBD00FC9453 /* Security.framework in Frameworks */,
				6FE9AB351DBFEDC000FC9453 /* CoreTelephony.framework in Frameworks */,
				6FE9AB361DBFEDC400FC9453 /* SystemConfiguration.framework in Frameworks */,
				6FE9AB371DBFEDC700FC9453 /* CoreGraphics.framework in Frameworks */,
				6FE9AB381DBFEDC900FC9453 /* UIKit.framework in Frameworks */,
				6FE9AB391DBFEDCC00FC9453 /* Foundation.framework in Frameworks */,
				6FE9AB3A1DBFEDCF00FC9453 /* MobileCoreServices.framework in Frameworks */,
				6FE9AB3B1DBFEDD200FC9453 /* QuartzCore.framework in Frameworks */,
				3268EAC31DDED7940064E5D5 /* AVFoundation.framework in Frameworks */,
				6FE9AB3C1DBFEDD500FC9453 /* CoreText.framework in Frameworks */,
			);
			runOnlyForDeploymentPostprocessing = 0;
		};
/* End PBXFrameworksBuildPhase section */

/* Begin PBXGroup section */
		0A0BA54F1ACD95890003A90B = {
			isa = PBXGroup;
			children = (
				69F84C4C1AEAD001000298F7 /* libresolv.dylib */,
				698FB5001AEAA94A00F3D184 /* libc++.dylib */,
				3268EAC21DDED7930064E5D5 /* AVFoundation.framework */,
				698FB4FE1AEAA93700F3D184 /* GLKit.framework */,
				698FB4FC1AEAA8D600F3D184 /* CoreLocation.framework */,
				693C76371AEAA83A002032E2 /* Security.framework */,
				693C76351AEAA825002032E2 /* CoreTelephony.framework */,
				693C76331AEAA816002032E2 /* SystemConfiguration.framework */,
				693C76311AEAA80A002032E2 /* CoreGraphics.framework */,
				693C762F1AEAA7FF002032E2 /* UIKit.framework */,
				693C762D1AEAA7F8002032E2 /* Foundation.framework */,
				693C762B1AEAA7A7002032E2 /* MobileCoreServices.framework */,
				693C76291AEAA79E002032E2 /* QuartzCore.framework */,
				693C76271AEAA795002032E2 /* CoreText.framework */,
				0A0BA55A1ACD958A0003A90B /* YMUnitTests */,
				6FE9AB211DBFE4BA00FC9453 /* YMTests */,
				0A0BA5591ACD958A0003A90B /* Products */,
				2D605E2A1DE72C4B00C1EF03 /* Frameworks */,
			);
			sourceTree = "<group>";
		};
		0A0BA5591ACD958A0003A90B /* Products */ = {
			isa = PBXGroup;
			children = (
				0A0BA5581ACD958A0003A90B /* YMUnitTests.app */,
				6FE9AB201DBFE4BA00FC9453 /* YMTests.xctest */,
			);
			name = Products;
			sourceTree = "<group>";
		};
		0A0BA55A1ACD958A0003A90B /* YMUnitTests */ = {
			isa = PBXGroup;
			children = (
				69CC0D3D1B0F78AD00B6319A /* YMUnitTests.entitlements */,
				0A0BA55F1ACD958A0003A90B /* AppDelegate.h */,
				0A0BA5601ACD958A0003A90B /* AppDelegate.m */,
				0A0BA5651ACD958A0003A90B /* Main.storyboard */,
				0A0BA5681ACD958A0003A90B /* Images.xcassets */,
				0A0BA56A1ACD958A0003A90B /* LaunchScreen.xib */,
				0A0BA55B1ACD958A0003A90B /* Supporting Files */,
			);
			path = YMUnitTests;
			sourceTree = "<group>";
		};
		0A0BA55B1ACD958A0003A90B /* Supporting Files */ = {
			isa = PBXGroup;
			children = (
				0A0BA55C1ACD958A0003A90B /* Info.plist */,
				0A0BA55D1ACD958A0003A90B /* main.m */,
			);
			name = "Supporting Files";
			sourceTree = "<group>";
		};
		2D605E2A1DE72C4B00C1EF03 /* Frameworks */ = {
			isa = PBXGroup;
			children = (
				2D605E2B1DE72C4B00C1EF03 /* CoreMotion.framework */,
			);
			name = Frameworks;
			sourceTree = "<group>";
		};
		6FE9AB211DBFE4BA00FC9453 /* YMTests */ = {
			isa = PBXGroup;
			children = (
				6FE9AB221DBFE4BA00FC9453 /* YMTests.m */,
				6FE9AB241DBFE4BA00FC9453 /* Info.plist */,
				6FE9AB2D1DBFEB2F00FC9453 /* unit_test_wrapper.cpp */,
				6FE9AB2E1DBFEB2F00FC9453 /* unit_test_wrapper.h */,
			);
			path = YMTests;
			sourceTree = "<group>";
		};
/* End PBXGroup section */

/* Begin PBXNativeTarget section */
		0A0BA5571ACD95890003A90B /* YMUnitTests */ = {
			isa = PBXNativeTarget;
			buildConfigurationList = 0A0BA57B1ACD958A0003A90B /* Build configuration list for PBXNativeTarget "YMUnitTests" */;
			buildPhases = (
				0A0BA5541ACD95890003A90B /* Sources */,
				0A0BA5551ACD95890003A90B /* Frameworks */,
				0A0BA5561ACD95890003A90B /* Resources */,
				E74B53C51C21C24D00DB1073 /* ShellScript */,
			);
			buildRules = (
			);
			dependencies = (
			);
			name = YMUnitTests;
			productName = YMUnitTests;
			productReference = 0A0BA5581ACD958A0003A90B /* YMUnitTests.app */;
			productType = "com.apple.product-type.application";
		};
		6FE9AB1F1DBFE4BA00FC9453 /* YMTests */ = {
			isa = PBXNativeTarget;
			buildConfigurationList = 6FE9AB291DBFE4BA00FC9453 /* Build configuration list for PBXNativeTarget "YMTests" */;
			buildPhases = (
				6FE9AB1C1DBFE4BA00FC9453 /* Sources */,
				6FE9AB1D1DBFE4BA00FC9453 /* Frameworks */,
				6FE9AB1E1DBFE4BA00FC9453 /* Resources */,
			);
			buildRules = (
			);
			dependencies = (
				6FE9AB261DBFE4BA00FC9453 /* PBXTargetDependency */,
			);
			name = YMTests;
			productName = YMTests;
			productReference = 6FE9AB201DBFE4BA00FC9453 /* YMTests.xctest */;
			productType = "com.apple.product-type.bundle.unit-test";
		};
/* End PBXNativeTarget section */

/* Begin PBXProject section */
		0A0BA5501ACD95890003A90B /* Project object */ = {
			isa = PBXProject;
			attributes = {
				LastUpgradeCheck = 0620;
				ORGANIZATIONNAME = Yandex;
				TargetAttributes = {
					0A0BA5571ACD95890003A90B = {
						CreatedOnToolsVersion = 6.2;
						DevelopmentTeam = 477EAT77S3;
						SystemCapabilities = {
							com.apple.Keychain = {
								enabled = 1;
							};
						};
					};
					6FE9AB1F1DBFE4BA00FC9453 = {
						CreatedOnToolsVersion = 8.0;
						ProvisioningStyle = Automatic;
						TestTargetID = 0A0BA5571ACD95890003A90B;
					};
				};
			};
			buildConfigurationList = 0A0BA5531ACD95890003A90B /* Build configuration list for PBXProject "YMUnitTests" */;
			compatibilityVersion = "Xcode 3.2";
			developmentRegion = English;
			hasScannedForEncodings = 0;
			knownRegions = (
				English,
				en,
				Base,
			);
			mainGroup = 0A0BA54F1ACD95890003A90B;
			productRefGroup = 0A0BA5591ACD958A0003A90B /* Products */;
			projectDirPath = "";
			projectRoot = "";
			targets = (
				0A0BA5571ACD95890003A90B /* YMUnitTests */,
				6FE9AB1F1DBFE4BA00FC9453 /* YMTests */,
			);
		};
/* End PBXProject section */

/* Begin PBXResourcesBuildPhase section */
		0A0BA5561ACD95890003A90B /* Resources */ = {
			isa = PBXResourcesBuildPhase;
			buildActionMask = 2147483647;
			files = (
				0A0BA5671ACD958A0003A90B /* Main.storyboard in Resources */,
				0A0BA56C1ACD958A0003A90B /* LaunchScreen.xib in Resources */,
				0A0BA5691ACD958A0003A90B /* Images.xcassets in Resources */,
			);
			runOnlyForDeploymentPostprocessing = 0;
		};
		6FE9AB1E1DBFE4BA00FC9453 /* Resources */ = {
			isa = PBXResourcesBuildPhase;
			buildActionMask = 2147483647;
			files = (
			);
			runOnlyForDeploymentPostprocessing = 0;
		};
/* End PBXResourcesBuildPhase section */

/* Begin PBXShellScriptBuildPhase section */
		E74B53C51C21C24D00DB1073 /* ShellScript */ = {
			isa = PBXShellScriptBuildPhase;
			buildActionMask = 2147483647;
			files = (
			);
			inputPaths = (
			);
			outputPaths = (
			);
			runOnlyForDeploymentPostprocessing = 0;
			shellPath = /bin/sh;
			shellScript = "
";
		};
/* End PBXShellScriptBuildPhase section */

/* Begin PBXSourcesBuildPhase section */
		0A0BA5541ACD95890003A90B /* Sources */ = {
			isa = PBXSourcesBuildPhase;
			buildActionMask = 2147483647;
			files = (
				0A0BA5611ACD958A0003A90B /* AppDelegate.m in Sources */,
				0A0BA55E1ACD958A0003A90B /* main.m in Sources */,
			);
			runOnlyForDeploymentPostprocessing = 0;
		};
		6FE9AB1C1DBFE4BA00FC9453 /* Sources */ = {
			isa = PBXSourcesBuildPhase;
			buildActionMask = 2147483647;
			files = (
				6FE9AB231DBFE4BA00FC9453 /* YMTests.m in Sources */,
				6FE9AB2F1DBFEB2F00FC9453 /* unit_test_wrapper.cpp in Sources */,
			);
			runOnlyForDeploymentPostprocessing = 0;
		};
/* End PBXSourcesBuildPhase section */

/* Begin PBXTargetDependency section */
		6FE9AB261DBFE4BA00FC9453 /* PBXTargetDependency */ = {
			isa = PBXTargetDependency;
			target = 0A0BA5571ACD95890003A90B /* YMUnitTests */;
			targetProxy = 6FE9AB251DBFE4BA00FC9453 /* PBXContainerItemProxy */;
		};
/* End PBXTargetDependency section */

/* Begin PBXVariantGroup section */
		0A0BA5651ACD958A0003A90B /* Main.storyboard */ = {
			isa = PBXVariantGroup;
			children = (
				0A0BA5661ACD958A0003A90B /* Base */,
			);
			name = Main.storyboard;
			sourceTree = "<group>";
		};
		0A0BA56A1ACD958A0003A90B /* LaunchScreen.xib */ = {
			isa = PBXVariantGroup;
			children = (
				0A0BA56B1ACD958A0003A90B /* Base */,
			);
			name = LaunchScreen.xib;
			sourceTree = "<group>";
		};
/* End PBXVariantGroup section */

/* Begin XCBuildConfiguration section */
		0A0BA5791ACD958A0003A90B /* Debug */ = {
			isa = XCBuildConfiguration;
			buildSettings = {
				ALWAYS_SEARCH_USER_PATHS = NO;
				CLANG_CXX_LANGUAGE_STANDARD = "gnu++0x";
				CLANG_CXX_LIBRARY = "libc++";
				CLANG_ENABLE_MODULES = YES;
				CLANG_ENABLE_OBJC_ARC = YES;
				CLANG_WARN_BOOL_CONVERSION = YES;
				CLANG_WARN_CONSTANT_CONVERSION = YES;
				CLANG_WARN_DIRECT_OBJC_ISA_USAGE = YES_ERROR;
				CLANG_WARN_EMPTY_BODY = YES;
				CLANG_WARN_ENUM_CONVERSION = YES;
				CLANG_WARN_INT_CONVERSION = YES;
				CLANG_WARN_OBJC_ROOT_CLASS = YES_ERROR;
				CLANG_WARN_UNREACHABLE_CODE = YES;
				CLANG_WARN__DUPLICATE_METHOD_MATCH = YES;
				CODE_SIGN_IDENTITY = "";
				"CODE_SIGN_IDENTITY[sdk=iphoneos*]" = "";
				COPY_PHASE_STRIP = NO;
				ENABLE_STRICT_OBJC_MSGSEND = YES;
				GCC_C_LANGUAGE_STANDARD = gnu99;
				GCC_DYNAMIC_NO_PIC = NO;
				GCC_OPTIMIZATION_LEVEL = 0;
				GCC_PREPROCESSOR_DEFINITIONS = (
					"DEBUG=1",
					"$(inherited)",
				);
				GCC_SYMBOLS_PRIVATE_EXTERN = NO;
				GCC_WARN_64_TO_32_BIT_CONVERSION = YES;
				GCC_WARN_ABOUT_RETURN_TYPE = YES_ERROR;
				GCC_WARN_UNDECLARED_SELECTOR = YES;
				GCC_WARN_UNINITIALIZED_AUTOS = YES_AGGRESSIVE;
				GCC_WARN_UNUSED_FUNCTION = YES;
				GCC_WARN_UNUSED_VARIABLE = YES;
				HEADER_SEARCH_PATHS = (
					"$(inherited)",
					/Applications/Xcode.app/Contents/Developer/Toolchains/XcodeDefault.xctoolchain/usr/include,
				);
				IPHONEOS_DEPLOYMENT_TARGET = 7.0;
				MTL_ENABLE_DEBUG_INFO = YES;
				SDKROOT = iphoneos;
				TARGETED_DEVICE_FAMILY = "1,2";
			};
			name = Debug;
		};
		0A0BA57A1ACD958A0003A90B /* Release */ = {
			isa = XCBuildConfiguration;
			buildSettings = {
				ALWAYS_SEARCH_USER_PATHS = NO;
				CLANG_CXX_LANGUAGE_STANDARD = "gnu++0x";
				CLANG_CXX_LIBRARY = "libc++";
				CLANG_ENABLE_MODULES = YES;
				CLANG_ENABLE_OBJC_ARC = YES;
				CLANG_WARN_BOOL_CONVERSION = YES;
				CLANG_WARN_CONSTANT_CONVERSION = YES;
				CLANG_WARN_DIRECT_OBJC_ISA_USAGE = YES_ERROR;
				CLANG_WARN_EMPTY_BODY = YES;
				CLANG_WARN_ENUM_CONVERSION = YES;
				CLANG_WARN_INT_CONVERSION = YES;
				CLANG_WARN_OBJC_ROOT_CLASS = YES_ERROR;
				CLANG_WARN_UNREACHABLE_CODE = YES;
				CLANG_WARN__DUPLICATE_METHOD_MATCH = YES;
				CODE_SIGN_IDENTITY = "";
				"CODE_SIGN_IDENTITY[sdk=iphoneos*]" = "";
				COPY_PHASE_STRIP = NO;
				ENABLE_NS_ASSERTIONS = NO;
				ENABLE_STRICT_OBJC_MSGSEND = YES;
				GCC_C_LANGUAGE_STANDARD = gnu99;
				GCC_WARN_64_TO_32_BIT_CONVERSION = YES;
				GCC_WARN_ABOUT_RETURN_TYPE = YES_ERROR;
				GCC_WARN_UNDECLARED_SELECTOR = YES;
				GCC_WARN_UNINITIALIZED_AUTOS = YES_AGGRESSIVE;
				GCC_WARN_UNUSED_FUNCTION = YES;
				GCC_WARN_UNUSED_VARIABLE = YES;
				HEADER_SEARCH_PATHS = (
					"$(inherited)",
					/Applications/Xcode.app/Contents/Developer/Toolchains/XcodeDefault.xctoolchain/usr/include,
				);
				IPHONEOS_DEPLOYMENT_TARGET = 7.0;
				MTL_ENABLE_DEBUG_INFO = NO;
				SDKROOT = iphoneos;
				TARGETED_DEVICE_FAMILY = "1,2";
				VALIDATE_PRODUCT = YES;
			};
			name = Release;
		};
		0A0BA57C1ACD958A0003A90B /* Debug */ = {
			isa = XCBuildConfiguration;
			buildSettings = {
				ASSETCATALOG_COMPILER_APPICON_NAME = AppIcon;
				CODE_SIGN_ENTITLEMENTS = "";
				FRAMEWORK_SEARCH_PATHS = "$(inherited)";
				INFOPLIST_FILE = YMUnitTests/Info.plist;
				LD_RUNPATH_SEARCH_PATHS = "$(inherited) @executable_path/Frameworks";
				LIBRARY_SEARCH_PATHS = "$(inherited)";
				OTHER_LDFLAGS = "$(inherited)";
				PRODUCT_NAME = "$(TARGET_NAME)";
			};
			name = Debug;
		};
		0A0BA57D1ACD958A0003A90B /* Release */ = {
			isa = XCBuildConfiguration;
			buildSettings = {
				ASSETCATALOG_COMPILER_APPICON_NAME = AppIcon;
				CODE_SIGN_ENTITLEMENTS = "";
				FRAMEWORK_SEARCH_PATHS = "$(inherited)";
				INFOPLIST_FILE = YMUnitTests/Info.plist;
				LD_RUNPATH_SEARCH_PATHS = "$(inherited) @executable_path/Frameworks";
				LIBRARY_SEARCH_PATHS = "$(inherited)";
				OTHER_LDFLAGS = "$(inherited)";
				PRODUCT_NAME = "$(TARGET_NAME)";
			};
			name = Release;
		};
		6FE9AB271DBFE4BA00FC9453 /* Debug */ = {
			isa = XCBuildConfiguration;
			buildSettings = {
				BUNDLE_LOADER = "$(TEST_HOST)";
				CLANG_ANALYZER_NONNULL = YES;
				CLANG_WARN_DOCUMENTATION_COMMENTS = YES;
				CLANG_WARN_INFINITE_RECURSION = YES;
				CLANG_WARN_SUSPICIOUS_MOVES = YES;
				DEBUG_INFORMATION_FORMAT = dwarf;
				DEVELOPMENT_TEAM = "";
				ENABLE_TESTABILITY = YES;
				FRAMEWORK_SEARCH_PATHS = "$(inherited)";
				GCC_NO_COMMON_BLOCKS = YES;
				INFOPLIST_FILE = YMTests/Info.plist;
				IPHONEOS_DEPLOYMENT_TARGET = 10.0;
				LD_RUNPATH_SEARCH_PATHS = "$(inherited) @executable_path/Frameworks @loader_path/Frameworks";
				LIBRARY_SEARCH_PATHS = (
					"$(inherited)",
					"$(PROJECT_DIR)/YMUnitTests",
				);
				ONLY_ACTIVE_ARCH = YES;
				OTHER_LDFLAGS = (
					"$(inherited)",
					"-force_load",
					"$(PROJECT_DIR)/../tests.a",
				);
				PRODUCT_BUNDLE_IDENTIFIER = yandex.com.YMTests;
				PRODUCT_NAME = "$(TARGET_NAME)";
				REEXPORTED_LIBRARY_PATHS = "";
				TEST_HOST = "$(BUILT_PRODUCTS_DIR)/YMUnitTests.app/YMUnitTests";
			};
			name = Debug;
		};
		6FE9AB281DBFE4BA00FC9453 /* Release */ = {
			isa = XCBuildConfiguration;
			buildSettings = {
				BUNDLE_LOADER = "$(TEST_HOST)";
				CLANG_ANALYZER_NONNULL = YES;
				CLANG_WARN_DOCUMENTATION_COMMENTS = YES;
				CLANG_WARN_INFINITE_RECURSION = YES;
				CLANG_WARN_SUSPICIOUS_MOVES = YES;
				DEBUG_INFORMATION_FORMAT = "dwarf-with-dsym";
				DEVELOPMENT_TEAM = "";
				FRAMEWORK_SEARCH_PATHS = "$(inherited)";
				GCC_NO_COMMON_BLOCKS = YES;
				INFOPLIST_FILE = YMTests/Info.plist;
				LD_RUNPATH_SEARCH_PATHS = "$(inherited) @executable_path/Frameworks @loader_path/Frameworks";
				LIBRARY_SEARCH_PATHS = (
					"$(inherited)",
					"$(PROJECT_DIR)/YMUnitTests",
				);
				OTHER_LDFLAGS = (
					"$(inherited)",
					"-force_load",
					"$(PROJECT_DIR)/../tests.a",
				);
				PRODUCT_BUNDLE_IDENTIFIER = yandex.com.YMTests;
				PRODUCT_NAME = "$(TARGET_NAME)";
				REEXPORTED_LIBRARY_PATHS = "";
				TEST_HOST = "$(BUILT_PRODUCTS_DIR)/YMUnitTests.app/YMUnitTests";
			};
			name = Release;
		};
/* End XCBuildConfiguration section */

/* Begin XCConfigurationList section */
		0A0BA5531ACD95890003A90B /* Build configuration list for PBXProject "YMUnitTests" */ = {
			isa = XCConfigurationList;
			buildConfigurations = (
				0A0BA5791ACD958A0003A90B /* Debug */,
				0A0BA57A1ACD958A0003A90B /* Release */,
			);
			defaultConfigurationIsVisible = 0;
			defaultConfigurationName = Release;
		};
		0A0BA57B1ACD958A0003A90B /* Build configuration list for PBXNativeTarget "YMUnitTests" */ = {
			isa = XCConfigurationList;
			buildConfigurations = (
				0A0BA57C1ACD958A0003A90B /* Debug */,
				0A0BA57D1ACD958A0003A90B /* Release */,
			);
			defaultConfigurationIsVisible = 0;
			defaultConfigurationName = Release;
		};
		6FE9AB291DBFE4BA00FC9453 /* Build configuration list for PBXNativeTarget "YMTests" */ = {
			isa = XCConfigurationList;
			buildConfigurations = (
				6FE9AB271DBFE4BA00FC9453 /* Debug */,
				6FE9AB281DBFE4BA00FC9453 /* Release */,
			);
			defaultConfigurationIsVisible = 0;
			defaultConfigurationName = Release;
		};
/* End XCConfigurationList section */
	};
	rootObject = 0A0BA5501ACD95890003A90B /* Project object */;
}
