<?xml version="1.0" encoding="UTF-8"?>
<Scheme
   LastUpgradeVersion = "1320"
   version = "1.7">
   <BuildAction
      parallelizeBuildables = "YES"
      buildImplicitDependencies = "YES">
      <BuildActionEntries>
         <BuildActionEntry
            buildForTesting = "YES"
            buildForRunning = "YES"
            buildForProfiling = "YES"
            buildForArchiving = "YES"
            buildForAnalyzing = "YES">
            <BuildableReference
               BuildableIdentifier = "primary"
               BlueprintIdentifier = "AADDBB211A024A2E0056CA2B"
               BuildableName = "YandexMaps.app"
               BlueprintName = "YandexMaps"
               ReferencedContainer = "container:YandexMaps.xcodeproj">
            </BuildableReference>
         </BuildActionEntry>
      </BuildActionEntries>
   </BuildAction>
   <TestAction
      buildConfiguration = "Debug"
      selectedDebuggerIdentifier = "Xcode.DebuggerFoundation.Debugger.LLDB"
      selectedLauncherIdentifier = "Xcode.DebuggerFoundation.Launcher.LLDB"
      shouldUseLaunchSchemeArgsEnv = "YES"
      language = "ru"
      region = "RU">
      <TestPlans>
         <TestPlanReference
            reference = "container:Testplans/UITests.xctestplan">
         </TestPlanReference>
         <TestPlanReference
            reference = "container:Testplans/UnitTests.xctestplan"
            default = "YES">
         </TestPlanReference>
      </TestPlans>
      <Testables>
         <TestableReference
            skipped = "YES">
            <BuildableReference
               BuildableIdentifier = "primary"
               BlueprintIdentifier = "08FF414B218E783B8F9AE7C320DB212B"
               BuildableName = "YandexMapsCommonComponents-Unit-Tests.xctest"
               BlueprintName = "YandexMapsCommonComponents-Unit-Tests"
               ReferencedContainer = "container:Pods/Pods.xcodeproj">
            </BuildableReference>
         </TestableReference>
         <TestableReference
            skipped = "NO">
            <BuildableReference
               BuildableIdentifier = "primary"
               BlueprintIdentifier = "D7D656CBC41D24EB32310EBF3094250F"
               BuildableName = "YandexMapsDirections-Unit-Tests.xctest"
               BlueprintName = "YandexMapsDirections-Unit-Tests"
               ReferencedContainer = "container:Pods/Pods.xcodeproj">
            </BuildableReference>
         </TestableReference>
         <TestableReference
            skipped = "NO">
            <BuildableReference
               BuildableIdentifier = "primary"
               BlueprintIdentifier = "17A7470214A8D9CEE9B4FD71A68B9359"
               BuildableName = "YandexMapsPersonalAccount-Unit-Tests.xctest"
               BlueprintName = "YandexMapsPersonalAccount-Unit-Tests"
               ReferencedContainer = "container:Pods/Pods.xcodeproj">
            </BuildableReference>
         </TestableReference>
         <TestableReference
            skipped = "NO">
            <BuildableReference
               BuildableIdentifier = "primary"
               BlueprintIdentifier = "8BF20F1AFCDDD5D37A4C3B8A482B24A9"
               BuildableName = "YandexMapsRx-Unit-Tests.xctest"
               BlueprintName = "YandexMapsRx-Unit-Tests"
               ReferencedContainer = "container:Pods/Pods.xcodeproj">
            </BuildableReference>
         </TestableReference>
         <TestableReference
            skipped = "NO">
            <BuildableReference
               BuildableIdentifier = "primary"
               BlueprintIdentifier = "E742F8A358162DFEDB2FAD58C0FB088F"
               BuildableName = "YandexMapsShutter-Unit-Tests.xctest"
               BlueprintName = "YandexMapsShutter-Unit-Tests"
               ReferencedContainer = "container:Pods/Pods.xcodeproj">
            </BuildableReference>
         </TestableReference>
         <TestableReference
            skipped = "NO">
            <BuildableReference
               BuildableIdentifier = "primary"
               BlueprintIdentifier = "8E2EF0B916A8D3D472E3CC76741781B4"
               BuildableName = "YandexMapsStartupActions-Unit-Tests.xctest"
               BlueprintName = "YandexMapsStartupActions-Unit-Tests"
               ReferencedContainer = "container:Pods/Pods.xcodeproj">
            </BuildableReference>
         </TestableReference>
         <TestableReference
            skipped = "NO">
            <BuildableReference
               BuildableIdentifier = "primary"
               BlueprintIdentifier = "F042F007BBACE0B0BBEFC613A9FE0763"
               BuildableName = "YandexMapsSwiftUI-Unit-Tests.xctest"
               BlueprintName = "YandexMapsSwiftUI-Unit-Tests"
               ReferencedContainer = "container:Pods/Pods.xcodeproj">
            </BuildableReference>
         </TestableReference>
         <TestableReference
            skipped = "NO">
            <BuildableReference
               BuildableIdentifier = "primary"
               BlueprintIdentifier = "A59BD9D75E58D897E9C12F4D7CA0728C"
               BuildableName = "YandexMapsUtils.root-Objc-iOS13.0-Unit-Tests.xctest"
               BlueprintName = "YandexMapsUtils.root-Objc-iOS13.0-Unit-Tests"
               ReferencedContainer = "container:Pods/Pods.xcodeproj">
            </BuildableReference>
         </TestableReference>
         <TestableReference
            skipped = "NO">
            <BuildableReference
               BuildableIdentifier = "primary"
               BlueprintIdentifier = "AADDBB3A1A024A2E0056CA2B"
               BuildableName = "YandexMapsTests.xctest"
               BlueprintName = "YandexMapsTests"
               ReferencedContainer = "container:YandexMaps.xcodeproj">
            </BuildableReference>
         </TestableReference>
         <TestableReference
            skipped = "NO">
            <BuildableReference
               BuildableIdentifier = "primary"
               BlueprintIdentifier = "EB78C27E2524D7CE007F2A46"
               BuildableName = "YandexMapsUITests.xctest"
               BlueprintName = "YandexMapsUITests"
               ReferencedContainer = "container:YandexMaps.xcodeproj">
            </BuildableReference>
         </TestableReference>
      </Testables>
   </TestAction>
   <LaunchAction
      buildConfiguration = "Debug"
      selectedDebuggerIdentifier = "Xcode.DebuggerFoundation.Debugger.LLDB"
      selectedLauncherIdentifier = "Xcode.DebuggerFoundation.Launcher.LLDB"
      language = "ru"
      region = "RU"
      launchStyle = "0"
      useCustomWorkingDirectory = "NO"
      ignoresPersistentStateOnLaunch = "NO"
      debugDocumentVersioning = "YES"
      debugServiceExtension = "internal"
      allowLocationSimulation = "YES">
      <BuildableProductRunnable
         runnableDebuggingMode = "0">
         <BuildableReference
            BuildableIdentifier = "primary"
            BlueprintIdentifier = "AADDBB211A024A2E0056CA2B"
            BuildableName = "YandexMaps.app"
            BlueprintName = "YandexMaps"
            ReferencedContainer = "container:YandexMaps.xcodeproj">
         </BuildableReference>
      </BuildableProductRunnable>
      <EnvironmentVariables>
         <EnvironmentVariable
            key = "TEST_SUITE"
            value = "$(FASTLANE_TEST_SUITE)"
            isEnabled = "YES">
         </EnvironmentVariable>
      </EnvironmentVariables>
      <LocationScenarioReference
         identifier = "../Resources/yandex_position.gpx"
         referenceType = "0">
      </LocationScenarioReference>
   </LaunchAction>
   <ProfileAction
      buildConfiguration = "AppStore"
      shouldUseLaunchSchemeArgsEnv = "YES"
      savedToolIdentifier = ""
      useCustomWorkingDirectory = "NO"
      debugDocumentVersioning = "YES">
      <BuildableProductRunnable
         runnableDebuggingMode = "0">
         <BuildableReference
            BuildableIdentifier = "primary"
            BlueprintIdentifier = "AADDBB211A024A2E0056CA2B"
            BuildableName = "YandexMaps.app"
            BlueprintName = "YandexMaps"
            ReferencedContainer = "container:YandexMaps.xcodeproj">
         </BuildableReference>
      </BuildableProductRunnable>
   </ProfileAction>
   <AnalyzeAction
      buildConfiguration = "Debug">
   </AnalyzeAction>
   <ArchiveAction
      buildConfiguration = "AppStore"
      revealArchiveInOrganizer = "YES">
   </ArchiveAction>
</Scheme>
