PODS:
  - Swifter (1.4.5)

DEPENDENCIES:
  - Swifter (from `https://github.com/httpswift/swifter.git`, branch `stable`)

EXTERNAL SOURCES:
  Swifter:
    :branch: stable
    :git: https://github.com/httpswift/swifter.git

CHECKOUT OPTIONS:
  Swifter:
    :commit: 294dc8eaa7aed12f8695f43a5749b5c8f0f175b7
    :git: https://github.com/httpswift/swifter.git

SPEC CHECKSUMS:
  Swifter: eb2bc1d192a1c09169c7fefd01971565fa940521

PODFILE CHECKSUM: c308a429c142a6242566bbbbc5a718b6e5861bda

COCOAPODS: 1.5.3
