auth:
  staff:
    owners:
      logins:
      - leontevml
      groups:
      - svc_partnjorskijjinterfejjsjandeksa_development
labels:
  order: '01000000'
config_mode: easy2
---
l7_upstream_macro:
  version: 0.0.1
  id: takeout_block
  matcher:
    path_re: '/intapi/takeout(/.*)?'
  static_response:
    status: 404
