<?xml version="1.0" encoding="UTF-8"?>
<Scheme
   LastUpgradeVersion = "1320"
   version = "1.3">
   <BuildAction
      parallelizeBuildables = "YES"
      buildImplicitDependencies = "YES">
      <BuildActionEntries>
         <BuildActionEntry
            buildForTesting = "YES"
            buildForRunning = "YES"
            buildForProfiling = "YES"
            buildForArchiving = "YES"
            buildForAnalyzing = "YES">
            <BuildableReference
               BuildableIdentifier = "primary"
               BlueprintIdentifier = "9455C93F1EB34D9B007E0CDB"
               BuildableName = "YxSwissKnife.app"
               BlueprintName = "YxSwissKnife"
               ReferencedContainer = "container:YxSwissKnife.xcodeproj">
            </BuildableReference>
         </BuildActionEntry>
         <BuildActionEntry
            buildForTesting = "YES"
            buildForRunning = "YES"
            buildForProfiling = "YES"
            buildForArchiving = "YES"
            buildForAnalyzing = "YES">
            <BuildableReference
               BuildableIdentifier = "primary"
               BlueprintIdentifier = "9486599421831A0C00E34B79"
               BuildableName = "YxSwissKnife.framework"
               BlueprintName = "YxSwissKnife-iOS"
               ReferencedContainer = "container:YxSwissKnife.xcodeproj">
            </BuildableReference>
         </BuildActionEntry>
         <BuildActionEntry
            buildForTesting = "YES"
            buildForRunning = "YES"
            buildForProfiling = "YES"
            buildForArchiving = "YES"
            buildForAnalyzing = "YES">
            <BuildableReference
               BuildableIdentifier = "primary"
               BlueprintIdentifier = "948659A121831A3200E34B79"
               BuildableName = "YxSwissKnife.framework"
               BlueprintName = "YxSwissKnife-watchOS"
               ReferencedContainer = "container:YxSwissKnife.xcodeproj">
            </BuildableReference>
         </BuildActionEntry>
         <BuildActionEntry
            buildForTesting = "YES"
            buildForRunning = "YES"
            buildForProfiling = "YES"
            buildForArchiving = "YES"
            buildForAnalyzing = "YES">
            <BuildableReference
               BuildableIdentifier = "primary"
               BlueprintIdentifier = "94178EA6218B19AC0081E5B0"
               BuildableName = "YxSwissKnife.framework"
               BlueprintName = "YxSwissKnife-macOS"
               ReferencedContainer = "container:YxSwissKnife.xcodeproj">
            </BuildableReference>
         </BuildActionEntry>
      </BuildActionEntries>
   </BuildAction>
   <TestAction
      buildConfiguration = "Debug"
      selectedDebuggerIdentifier = "Xcode.DebuggerFoundation.Debugger.LLDB"
      selectedLauncherIdentifier = "Xcode.DebuggerFoundation.Launcher.LLDB"
      shouldUseLaunchSchemeArgsEnv = "YES"
      language = "en"
      region = "RU">
      <MacroExpansion>
         <BuildableReference
            BuildableIdentifier = "primary"
            BlueprintIdentifier = "9455C93F1EB34D9B007E0CDB"
            BuildableName = "YxSwissKnife.app"
            BlueprintName = "YxSwissKnife"
            ReferencedContainer = "container:YxSwissKnife.xcodeproj">
         </BuildableReference>
      </MacroExpansion>
      <Testables>
         <TestableReference
            skipped = "NO">
            <BuildableReference
               BuildableIdentifier = "primary"
               BlueprintIdentifier = "9455C9531EB34D9B007E0CDB"
               BuildableName = "YxSwissKnifeTests.xctest"
               BlueprintName = "YxSwissKnifeTests"
               ReferencedContainer = "container:YxSwissKnife.xcodeproj">
            </BuildableReference>
            <SkippedTests>
               <Test
                  Identifier = "YxCalendarScreenshotTest/testOnboardingView()">
               </Test>
               <Test
                  Identifier = "YxConfigurationRequestTests">
               </Test>
            </SkippedTests>
         </TestableReference>
         <TestableReference
            skipped = "YES">
            <BuildableReference
               BuildableIdentifier = "primary"
               BlueprintIdentifier = "9455C95E1EB34D9B007E0CDB"
               BuildableName = "YxSwissKnifeUITests.xctest"
               BlueprintName = "YxSwissKnifeUITests"
               ReferencedContainer = "container:YxSwissKnife.xcodeproj">
            </BuildableReference>
            <SkippedTests>
               <Test
                  Identifier = "YxSwissKnifeUITests">
               </Test>
            </SkippedTests>
         </TestableReference>
      </Testables>
   </TestAction>
   <LaunchAction
      buildConfiguration = "Debug"
      selectedDebuggerIdentifier = "Xcode.DebuggerFoundation.Debugger.LLDB"
      selectedLauncherIdentifier = "Xcode.DebuggerFoundation.Launcher.LLDB"
      launchStyle = "0"
      useCustomWorkingDirectory = "NO"
      ignoresPersistentStateOnLaunch = "NO"
      debugDocumentVersioning = "YES"
      debugServiceExtension = "internal"
      allowLocationSimulation = "YES">
      <BuildableProductRunnable
         runnableDebuggingMode = "0">
         <BuildableReference
            BuildableIdentifier = "primary"
            BlueprintIdentifier = "9455C93F1EB34D9B007E0CDB"
            BuildableName = "YxSwissKnife.app"
            BlueprintName = "YxSwissKnife"
            ReferencedContainer = "container:YxSwissKnife.xcodeproj">
         </BuildableReference>
      </BuildableProductRunnable>
      <EnvironmentVariables>
         <EnvironmentVariable
            key = "SNAPSHOT_TEST_REF_DIR"
            value = "$(SRCROOT)/reference_snapshots"
            isEnabled = "YES">
         </EnvironmentVariable>
      </EnvironmentVariables>
   </LaunchAction>
   <ProfileAction
      buildConfiguration = "Release"
      shouldUseLaunchSchemeArgsEnv = "YES"
      savedToolIdentifier = ""
      useCustomWorkingDirectory = "NO"
      debugDocumentVersioning = "YES">
      <BuildableProductRunnable
         runnableDebuggingMode = "0">
         <BuildableReference
            BuildableIdentifier = "primary"
            BlueprintIdentifier = "9455C93F1EB34D9B007E0CDB"
            BuildableName = "YxSwissKnife.app"
            BlueprintName = "YxSwissKnife"
            ReferencedContainer = "container:YxSwissKnife.xcodeproj">
         </BuildableReference>
      </BuildableProductRunnable>
   </ProfileAction>
   <AnalyzeAction
      buildConfiguration = "Debug">
   </AnalyzeAction>
   <ArchiveAction
      buildConfiguration = "Release"
      revealArchiveInOrganizer = "YES">
   </ArchiveAction>
</Scheme>
