// !$*UTF8*$!
{
	archiveVersion = 1;
	classes = {
	};
	objectVersion = 50;
	objects = {

/* Begin PBXBuildFile section */
		B174A81421F8C674005385FA /* main.cpp in Sources */ = {isa = PBXBuildFile; fileRef = B174A81221F8C674005385FA /* main.cpp */; };
		B174A84F21F8D082005385FA /* libYandexMetroKit.a in Frameworks */ = {isa = PBXBuildFile; fileRef = B174A81A21F8C6D0005385FA /* libYandexMetroKit.a */; };
		B174A85121F8D0C0005385FA /* liblibs-mapkit.dylib in Frameworks */ = {isa = PBXBuildFile; fileRef = B174A85021F8D0C0005385FA /* liblibs-mapkit.dylib */; };
		B174A85221F8D0F6005385FA /* liblibs-mapkit.dylib in Copy Dynamic Libs */ = {isa = PBXBuildFile; fileRef = B174A85021F8D0C0005385FA /* liblibs-mapkit.dylib */; settings = {ATTRIBUTES = (CodeSignOnCopy, ); }; };
		B174A85621F8D190005385FA /* res in Copy Resources */ = {isa = PBXBuildFile; fileRef = B174A85521F8D176005385FA /* res */; };
		B174A85821F8D24E005385FA /* Cocoa.framework in Frameworks */ = {isa = PBXBuildFile; fileRef = B174A85721F8D24E005385FA /* Cocoa.framework */; };
		B174A85B21F8D340005385FA /* libresolv.tbd in Frameworks */ = {isa = PBXBuildFile; fileRef = B174A85A21F8D340005385FA /* libresolv.tbd */; };
		B174A85D21F8D353005385FA /* ImageIO.framework in Frameworks */ = {isa = PBXBuildFile; fileRef = B174A85C21F8D353005385FA /* ImageIO.framework */; };
		B174A85F21F8D35B005385FA /* QuartzCore.framework in Frameworks */ = {isa = PBXBuildFile; fileRef = B174A85E21F8D35B005385FA /* QuartzCore.framework */; };
		B174A86121F8D369005385FA /* Foundation.framework in Frameworks */ = {isa = PBXBuildFile; fileRef = B174A86021F8D369005385FA /* Foundation.framework */; };
		B174A86321F8D36E005385FA /* Security.framework in Frameworks */ = {isa = PBXBuildFile; fileRef = B174A86221F8D36E005385FA /* Security.framework */; };
		B174A87721F8D6AC005385FA /* libqcocoa_debug.dylib in Copy Platform Libs */ = {isa = PBXBuildFile; fileRef = B174A86521F8D561005385FA /* libqcocoa_debug.dylib */; settings = {ATTRIBUTES = (CodeSignOnCopy, ); }; };
		B174A87821F8D6AC005385FA /* libqcocoa.dylib in Copy Platform Libs */ = {isa = PBXBuildFile; fileRef = B174A86821F8D561005385FA /* libqcocoa.dylib */; settings = {ATTRIBUTES = (CodeSignOnCopy, ); }; };
		B174A87921F8D6AC005385FA /* libqminimal_debug.dylib in Copy Platform Libs */ = {isa = PBXBuildFile; fileRef = B174A86621F8D561005385FA /* libqminimal_debug.dylib */; settings = {ATTRIBUTES = (CodeSignOnCopy, ); }; };
		B174A87A21F8D6AC005385FA /* libqminimal.dylib in Copy Platform Libs */ = {isa = PBXBuildFile; fileRef = B174A86421F8D561005385FA /* libqminimal.dylib */; settings = {ATTRIBUTES = (CodeSignOnCopy, ); }; };
		B174A87B21F8D6AC005385FA /* libqoffscreen_debug.dylib in Copy Platform Libs */ = {isa = PBXBuildFile; fileRef = B174A86721F8D561005385FA /* libqoffscreen_debug.dylib */; settings = {ATTRIBUTES = (CodeSignOnCopy, ); }; };
		B174A87C21F8D6AC005385FA /* libqoffscreen.dylib in Copy Platform Libs */ = {isa = PBXBuildFile; fileRef = B174A86921F8D562005385FA /* libqoffscreen.dylib */; settings = {ATTRIBUTES = (CodeSignOnCopy, ); }; };
		B174A87D21F8D6F3005385FA /* Qt3DCore.framework in Copy Dynamic Libs */ = {isa = PBXBuildFile; fileRef = B174A82621F8CFCD005385FA /* Qt3DCore.framework */; settings = {ATTRIBUTES = (RemoveHeadersOnCopy, ); }; };
		B174A87E21F8D6F3005385FA /* Qt3DQuick.framework in Copy Dynamic Libs */ = {isa = PBXBuildFile; fileRef = B174A83521F8CFCF005385FA /* Qt3DQuick.framework */; settings = {ATTRIBUTES = (RemoveHeadersOnCopy, ); }; };
		B174A87F21F8D6F3005385FA /* QtConcurrent.framework in Copy Dynamic Libs */ = {isa = PBXBuildFile; fileRef = B174A83021F8CFCE005385FA /* QtConcurrent.framework */; settings = {ATTRIBUTES = (RemoveHeadersOnCopy, ); }; };
		B174A88021F8D6F3005385FA /* QtDBus.framework in Copy Dynamic Libs */ = {isa = PBXBuildFile; fileRef = B174A82721F8CFCD005385FA /* QtDBus.framework */; settings = {ATTRIBUTES = (RemoveHeadersOnCopy, ); }; };
		B174A88121F8D6F3005385FA /* QtGui.framework in Copy Dynamic Libs */ = {isa = PBXBuildFile; fileRef = B174A83421F8CFCF005385FA /* QtGui.framework */; settings = {ATTRIBUTES = (RemoveHeadersOnCopy, ); }; };
		B174A88221F8D6F3005385FA /* QtMultimedia.framework in Copy Dynamic Libs */ = {isa = PBXBuildFile; fileRef = B174A82C21F8CFCE005385FA /* QtMultimedia.framework */; settings = {ATTRIBUTES = (RemoveHeadersOnCopy, ); }; };
		B174A88321F8D6F3005385FA /* QtMultimediaQuick_p.framework in Copy Dynamic Libs */ = {isa = PBXBuildFile; fileRef = B174A82121F8CFCC005385FA /* QtMultimediaQuick_p.framework */; settings = {ATTRIBUTES = (RemoveHeadersOnCopy, ); }; };
		B174A88421F8D6F3005385FA /* QtMultimediaWidgets.framework in Copy Dynamic Libs */ = {isa = PBXBuildFile; fileRef = B174A82F21F8CFCE005385FA /* QtMultimediaWidgets.framework */; settings = {ATTRIBUTES = (RemoveHeadersOnCopy, ); }; };
		B174A88521F8D6F3005385FA /* QtNetwork.framework in Copy Dynamic Libs */ = {isa = PBXBuildFile; fileRef = B174A82521F8CFCD005385FA /* QtNetwork.framework */; settings = {ATTRIBUTES = (RemoveHeadersOnCopy, ); }; };
		B174A88621F8D6F3005385FA /* QtOpenGL.framework in Copy Dynamic Libs */ = {isa = PBXBuildFile; fileRef = B174A82221F8CFCC005385FA /* QtOpenGL.framework */; settings = {ATTRIBUTES = (RemoveHeadersOnCopy, ); }; };
		B174A88721F8D6F3005385FA /* QtPrintSupport.framework in Copy Dynamic Libs */ = {isa = PBXBuildFile; fileRef = B174A82A21F8CFCE005385FA /* QtPrintSupport.framework */; settings = {ATTRIBUTES = (RemoveHeadersOnCopy, ); }; };
		B174A88821F8D6F3005385FA /* QtQml.framework in Copy Dynamic Libs */ = {isa = PBXBuildFile; fileRef = B174A82421F8CFCD005385FA /* QtQml.framework */; settings = {ATTRIBUTES = (RemoveHeadersOnCopy, ); }; };
		B174A88921F8D6F3005385FA /* QtQuick.framework in Copy Dynamic Libs */ = {isa = PBXBuildFile; fileRef = B174A83621F8CFCF005385FA /* QtQuick.framework */; settings = {ATTRIBUTES = (RemoveHeadersOnCopy, ); }; };
		B174A88A21F8D6F3005385FA /* QtQuickParticles.framework in Copy Dynamic Libs */ = {isa = PBXBuildFile; fileRef = B174A82321F8CFCD005385FA /* QtQuickParticles.framework */; settings = {ATTRIBUTES = (RemoveHeadersOnCopy, ); }; };
		B174A88B21F8D6F3005385FA /* QtQuickTest.framework in Copy Dynamic Libs */ = {isa = PBXBuildFile; fileRef = B174A83321F8CFCF005385FA /* QtQuickTest.framework */; settings = {ATTRIBUTES = (RemoveHeadersOnCopy, ); }; };
		B174A88C21F8D6F3005385FA /* QtQuickWidgets.framework in Copy Dynamic Libs */ = {isa = PBXBuildFile; fileRef = B174A82821F8CFCD005385FA /* QtQuickWidgets.framework */; settings = {ATTRIBUTES = (RemoveHeadersOnCopy, ); }; };
		B174A88D21F8D6F3005385FA /* QtSvg.framework in Copy Dynamic Libs */ = {isa = PBXBuildFile; fileRef = B174A82921F8CFCD005385FA /* QtSvg.framework */; settings = {ATTRIBUTES = (RemoveHeadersOnCopy, ); }; };
		B174A88E21F8D6F3005385FA /* QtTest.framework in Copy Dynamic Libs */ = {isa = PBXBuildFile; fileRef = B174A81F21F8CFCC005385FA /* QtTest.framework */; settings = {ATTRIBUTES = (RemoveHeadersOnCopy, ); }; };
		B174A88F21F8D6F3005385FA /* QtWebChannel.framework in Copy Dynamic Libs */ = {isa = PBXBuildFile; fileRef = B174A82021F8CFCC005385FA /* QtWebChannel.framework */; settings = {ATTRIBUTES = (RemoveHeadersOnCopy, ); }; };
		B174A89021F8D6F3005385FA /* QtWebEngine.framework in Copy Dynamic Libs */ = {isa = PBXBuildFile; fileRef = B174A82B21F8CFCE005385FA /* QtWebEngine.framework */; settings = {ATTRIBUTES = (RemoveHeadersOnCopy, ); }; };
		B174A89121F8D6F3005385FA /* QtWebEngineCore.framework in Copy Dynamic Libs */ = {isa = PBXBuildFile; fileRef = B174A82D21F8CFCE005385FA /* QtWebEngineCore.framework */; settings = {ATTRIBUTES = (RemoveHeadersOnCopy, ); }; };
		B174A89221F8D6F3005385FA /* QtWebEngineWidgets.framework in Copy Dynamic Libs */ = {isa = PBXBuildFile; fileRef = B174A82E21F8CFCE005385FA /* QtWebEngineWidgets.framework */; settings = {ATTRIBUTES = (RemoveHeadersOnCopy, ); }; };
		B174A89321F8D6F3005385FA /* QtWidgets.framework in Copy Dynamic Libs */ = {isa = PBXBuildFile; fileRef = B174A83121F8CFCF005385FA /* QtWidgets.framework */; settings = {ATTRIBUTES = (RemoveHeadersOnCopy, ); }; };
		B174A89421F8D6F3005385FA /* QtXml.framework in Copy Dynamic Libs */ = {isa = PBXBuildFile; fileRef = B174A83221F8CFCF005385FA /* QtXml.framework */; settings = {ATTRIBUTES = (RemoveHeadersOnCopy, ); }; };
		B174A89521F8D6F3005385FA /* QtCore.framework in Copy Dynamic Libs */ = {isa = PBXBuildFile; fileRef = B18E540921F08D0900C16DE4 /* QtCore.framework */; settings = {ATTRIBUTES = (RemoveHeadersOnCopy, ); }; };
		B174A89621F8D6F3005385FA /* QTKit.framework in Copy Dynamic Libs */ = {isa = PBXBuildFile; fileRef = B18E540721F08CE800C16DE4 /* QTKit.framework */; settings = {ATTRIBUTES = (RemoveHeadersOnCopy, ); }; };
		B174A89721F8D7E1005385FA /* Qt3DCore.framework in Frameworks */ = {isa = PBXBuildFile; fileRef = B174A82621F8CFCD005385FA /* Qt3DCore.framework */; };
		B174A89821F8D7E1005385FA /* Qt3DQuick.framework in Frameworks */ = {isa = PBXBuildFile; fileRef = B174A83521F8CFCF005385FA /* Qt3DQuick.framework */; };
		B174A89921F8D7E1005385FA /* QtConcurrent.framework in Frameworks */ = {isa = PBXBuildFile; fileRef = B174A83021F8CFCE005385FA /* QtConcurrent.framework */; };
		B174A89A21F8D7E1005385FA /* QtCore.framework in Frameworks */ = {isa = PBXBuildFile; fileRef = B18E540921F08D0900C16DE4 /* QtCore.framework */; };
		B174A89B21F8D7E1005385FA /* QtDBus.framework in Frameworks */ = {isa = PBXBuildFile; fileRef = B174A82721F8CFCD005385FA /* QtDBus.framework */; };
		B174A89C21F8D7E1005385FA /* QtGui.framework in Frameworks */ = {isa = PBXBuildFile; fileRef = B174A83421F8CFCF005385FA /* QtGui.framework */; };
		B174A89D21F8D7E1005385FA /* QtMultimedia.framework in Frameworks */ = {isa = PBXBuildFile; fileRef = B174A82C21F8CFCE005385FA /* QtMultimedia.framework */; };
		B174A89E21F8D7E1005385FA /* QtMultimediaQuick_p.framework in Frameworks */ = {isa = PBXBuildFile; fileRef = B174A82121F8CFCC005385FA /* QtMultimediaQuick_p.framework */; };
		B174A89F21F8D7E1005385FA /* QtMultimediaWidgets.framework in Frameworks */ = {isa = PBXBuildFile; fileRef = B174A82F21F8CFCE005385FA /* QtMultimediaWidgets.framework */; };
		B174A8A021F8D7E1005385FA /* QtNetwork.framework in Frameworks */ = {isa = PBXBuildFile; fileRef = B174A82521F8CFCD005385FA /* QtNetwork.framework */; };
		B174A8A121F8D7E1005385FA /* QtOpenGL.framework in Frameworks */ = {isa = PBXBuildFile; fileRef = B174A82221F8CFCC005385FA /* QtOpenGL.framework */; };
		B174A8A221F8D7E1005385FA /* QtPrintSupport.framework in Frameworks */ = {isa = PBXBuildFile; fileRef = B174A82A21F8CFCE005385FA /* QtPrintSupport.framework */; };
		B174A8A321F8D7E1005385FA /* QtQml.framework in Frameworks */ = {isa = PBXBuildFile; fileRef = B174A82421F8CFCD005385FA /* QtQml.framework */; };
		B174A8A421F8D7E1005385FA /* QtQuick.framework in Frameworks */ = {isa = PBXBuildFile; fileRef = B174A83621F8CFCF005385FA /* QtQuick.framework */; };
		B174A8A521F8D7E1005385FA /* QtQuickParticles.framework in Frameworks */ = {isa = PBXBuildFile; fileRef = B174A82321F8CFCD005385FA /* QtQuickParticles.framework */; };
		B174A8A621F8D7E1005385FA /* QtQuickTest.framework in Frameworks */ = {isa = PBXBuildFile; fileRef = B174A83321F8CFCF005385FA /* QtQuickTest.framework */; };
		B174A8A721F8D7E1005385FA /* QtQuickWidgets.framework in Frameworks */ = {isa = PBXBuildFile; fileRef = B174A82821F8CFCD005385FA /* QtQuickWidgets.framework */; };
		B174A8A821F8D7E1005385FA /* QtSvg.framework in Frameworks */ = {isa = PBXBuildFile; fileRef = B174A82921F8CFCD005385FA /* QtSvg.framework */; };
		B174A8A921F8D7E1005385FA /* QtTest.framework in Frameworks */ = {isa = PBXBuildFile; fileRef = B174A81F21F8CFCC005385FA /* QtTest.framework */; };
		B174A8AA21F8D7E1005385FA /* QtWebChannel.framework in Frameworks */ = {isa = PBXBuildFile; fileRef = B174A82021F8CFCC005385FA /* QtWebChannel.framework */; };
		B174A8AB21F8D7E1005385FA /* QtWebEngine.framework in Frameworks */ = {isa = PBXBuildFile; fileRef = B174A82B21F8CFCE005385FA /* QtWebEngine.framework */; };
		B174A8AC21F8D7E1005385FA /* QtWebEngineCore.framework in Frameworks */ = {isa = PBXBuildFile; fileRef = B174A82D21F8CFCE005385FA /* QtWebEngineCore.framework */; };
		B174A8AD21F8D7E1005385FA /* QtWebEngineWidgets.framework in Frameworks */ = {isa = PBXBuildFile; fileRef = B174A82E21F8CFCE005385FA /* QtWebEngineWidgets.framework */; };
		B174A8AE21F8D7E1005385FA /* QtWidgets.framework in Frameworks */ = {isa = PBXBuildFile; fileRef = B174A83121F8CFCF005385FA /* QtWidgets.framework */; };
		B174A8AF21F8D7E1005385FA /* QtXml.framework in Frameworks */ = {isa = PBXBuildFile; fileRef = B174A83221F8CFCF005385FA /* QtXml.framework */; };
		B18E53EB21EEADE700C16DE4 /* CoreFoundation.framework in Frameworks */ = {isa = PBXBuildFile; fileRef = B18E53EA21EEADE700C16DE4 /* CoreFoundation.framework */; };
		B18E53ED21EEAE0400C16DE4 /* CoreGraphics.framework in Frameworks */ = {isa = PBXBuildFile; fileRef = B18E53EC21EEAE0400C16DE4 /* CoreGraphics.framework */; };
		B18E53F121EEAE2D00C16DE4 /* CoreText.framework in Frameworks */ = {isa = PBXBuildFile; fileRef = B18E53F021EEAE2D00C16DE4 /* CoreText.framework */; };
		B18E53F721EF524A00C16DE4 /* OpenGL.framework in Frameworks */ = {isa = PBXBuildFile; fileRef = B18E53F621EF524A00C16DE4 /* OpenGL.framework */; };
		B18E53FA21EF687200C16DE4 /* libruntime.dylib in Frameworks */ = {isa = PBXBuildFile; fileRef = B18E53E321EE444800C16DE4 /* libruntime.dylib */; };
		B18E53FB21EF687D00C16DE4 /* libruntime.dylib in Copy Dynamic Libs */ = {isa = PBXBuildFile; fileRef = B18E53E321EE444800C16DE4 /* libruntime.dylib */; settings = {ATTRIBUTES = (CodeSignOnCopy, ); }; };
/* End PBXBuildFile section */

/* Begin PBXContainerItemProxy section */
		B174A81921F8C6D0005385FA /* PBXContainerItemProxy */ = {
			isa = PBXContainerItemProxy;
			containerPortal = B161ECDF21EE01F10056308C /* YandexMetroKit.xcodeproj */;
			proxyType = 2;
			remoteGlobalIDString = 531CCD00C2D40A275F524681;
			remoteInfo = YandexMetroKit;
		};
		B174A81B21F8C6D0005385FA /* PBXContainerItemProxy */ = {
			isa = PBXContainerItemProxy;
			containerPortal = B161ECDF21EE01F10056308C /* YandexMetroKit.xcodeproj */;
			proxyType = 2;
			remoteGlobalIDString = 63491526BDB188EAE2190230;
			remoteInfo = YandexMetroKitTests;
		};
		B174A81D21F8C6FF005385FA /* PBXContainerItemProxy */ = {
			isa = PBXContainerItemProxy;
			containerPortal = B161ECDF21EE01F10056308C /* YandexMetroKit.xcodeproj */;
			proxyType = 1;
			remoteGlobalIDString = 7E36302C45EF263475E34FCB;
			remoteInfo = YandexMetroKit;
		};
/* End PBXContainerItemProxy section */

/* Begin PBXCopyFilesBuildPhase section */
		B16FF51A21EDEA0B002A5B2F /* Copy Dynamic Libs */ = {
			isa = PBXCopyFilesBuildPhase;
			buildActionMask = 12;
			dstPath = "";
			dstSubfolderSpec = 6;
			files = (
				B174A87D21F8D6F3005385FA /* Qt3DCore.framework in Copy Dynamic Libs */,
				B174A87E21F8D6F3005385FA /* Qt3DQuick.framework in Copy Dynamic Libs */,
				B174A87F21F8D6F3005385FA /* QtConcurrent.framework in Copy Dynamic Libs */,
				B174A88021F8D6F3005385FA /* QtDBus.framework in Copy Dynamic Libs */,
				B174A88121F8D6F3005385FA /* QtGui.framework in Copy Dynamic Libs */,
				B174A88221F8D6F3005385FA /* QtMultimedia.framework in Copy Dynamic Libs */,
				B174A88321F8D6F3005385FA /* QtMultimediaQuick_p.framework in Copy Dynamic Libs */,
				B174A88421F8D6F3005385FA /* QtMultimediaWidgets.framework in Copy Dynamic Libs */,
				B174A88521F8D6F3005385FA /* QtNetwork.framework in Copy Dynamic Libs */,
				B174A88621F8D6F3005385FA /* QtOpenGL.framework in Copy Dynamic Libs */,
				B174A88721F8D6F3005385FA /* QtPrintSupport.framework in Copy Dynamic Libs */,
				B174A88821F8D6F3005385FA /* QtQml.framework in Copy Dynamic Libs */,
				B174A88921F8D6F3005385FA /* QtQuick.framework in Copy Dynamic Libs */,
				B174A88A21F8D6F3005385FA /* QtQuickParticles.framework in Copy Dynamic Libs */,
				B174A88B21F8D6F3005385FA /* QtQuickTest.framework in Copy Dynamic Libs */,
				B174A88C21F8D6F3005385FA /* QtQuickWidgets.framework in Copy Dynamic Libs */,
				B174A88D21F8D6F3005385FA /* QtSvg.framework in Copy Dynamic Libs */,
				B174A88E21F8D6F3005385FA /* QtTest.framework in Copy Dynamic Libs */,
				B174A88F21F8D6F3005385FA /* QtWebChannel.framework in Copy Dynamic Libs */,
				B174A89021F8D6F3005385FA /* QtWebEngine.framework in Copy Dynamic Libs */,
				B174A89121F8D6F3005385FA /* QtWebEngineCore.framework in Copy Dynamic Libs */,
				B174A89221F8D6F3005385FA /* QtWebEngineWidgets.framework in Copy Dynamic Libs */,
				B174A89321F8D6F3005385FA /* QtWidgets.framework in Copy Dynamic Libs */,
				B174A89421F8D6F3005385FA /* QtXml.framework in Copy Dynamic Libs */,
				B174A89521F8D6F3005385FA /* QtCore.framework in Copy Dynamic Libs */,
				B174A89621F8D6F3005385FA /* QTKit.framework in Copy Dynamic Libs */,
				B174A85221F8D0F6005385FA /* liblibs-mapkit.dylib in Copy Dynamic Libs */,
				B18E53FB21EF687D00C16DE4 /* libruntime.dylib in Copy Dynamic Libs */,
			);
			name = "Copy Dynamic Libs";
			runOnlyForDeploymentPostprocessing = 0;
		};
		B174A87621F8D669005385FA /* Copy Platform Libs */ = {
			isa = PBXCopyFilesBuildPhase;
			buildActionMask = 2147483647;
			dstPath = platforms;
			dstSubfolderSpec = 6;
			files = (
				B174A87721F8D6AC005385FA /* libqcocoa_debug.dylib in Copy Platform Libs */,
				B174A87821F8D6AC005385FA /* libqcocoa.dylib in Copy Platform Libs */,
				B174A87921F8D6AC005385FA /* libqminimal_debug.dylib in Copy Platform Libs */,
				B174A87A21F8D6AC005385FA /* libqminimal.dylib in Copy Platform Libs */,
				B174A87B21F8D6AC005385FA /* libqoffscreen_debug.dylib in Copy Platform Libs */,
				B174A87C21F8D6AC005385FA /* libqoffscreen.dylib in Copy Platform Libs */,
			);
			name = "Copy Platform Libs";
			runOnlyForDeploymentPostprocessing = 0;
		};
		B18E540D21F0BC8900C16DE4 /* Copy Resources */ = {
			isa = PBXCopyFilesBuildPhase;
			buildActionMask = 2147483647;
			dstPath = "";
			dstSubfolderSpec = 6;
			files = (
				B174A85621F8D190005385FA /* res in Copy Resources */,
			);
			name = "Copy Resources";
			runOnlyForDeploymentPostprocessing = 0;
		};
/* End PBXCopyFilesBuildPhase section */

/* Begin PBXFileReference section */
		B161ECDF21EE01F10056308C /* YandexMetroKit.xcodeproj */ = {isa = PBXFileReference; lastKnownFileType = "wrapper.pb-project"; name = YandexMetroKit.xcodeproj; path = ../../../metrokit/build/xcode_darwin/YandexMetroKit.xcodeproj; sourceTree = "<group>"; };
		B16FF51C21EDEA0B002A5B2F /* MetroKitTestAppMacOs */ = {isa = PBXFileReference; explicitFileType = "compiled.mach-o.executable"; includeInIndex = 0; path = MetroKitTestAppMacOs; sourceTree = BUILT_PRODUCTS_DIR; };
		B174A81121F8C674005385FA /* main.moc */ = {isa = PBXFileReference; fileEncoding = 4; lastKnownFileType = text; path = main.moc; sourceTree = "<group>"; };
		B174A81221F8C674005385FA /* main.cpp */ = {isa = PBXFileReference; fileEncoding = 4; lastKnownFileType = sourcecode.cpp.cpp; path = main.cpp; sourceTree = "<group>"; };
		B174A81F21F8CFCC005385FA /* QtTest.framework */ = {isa = PBXFileReference; lastKnownFileType = wrapper.framework; name = QtTest.framework; path = "../../../../env/pkg-root/local/darwin.x86-64/lib/QtTest.framework"; sourceTree = "<group>"; };
		B174A82021F8CFCC005385FA /* QtWebChannel.framework */ = {isa = PBXFileReference; lastKnownFileType = wrapper.framework; name = QtWebChannel.framework; path = "../../../../env/pkg-root/local/darwin.x86-64/lib/QtWebChannel.framework"; sourceTree = "<group>"; };
		B174A82121F8CFCC005385FA /* QtMultimediaQuick_p.framework */ = {isa = PBXFileReference; lastKnownFileType = wrapper.framework; name = QtMultimediaQuick_p.framework; path = "../../../../env/pkg-root/local/darwin.x86-64/lib/QtMultimediaQuick_p.framework"; sourceTree = "<group>"; };
		B174A82221F8CFCC005385FA /* QtOpenGL.framework */ = {isa = PBXFileReference; lastKnownFileType = wrapper.framework; name = QtOpenGL.framework; path = "../../../../env/pkg-root/local/darwin.x86-64/lib/QtOpenGL.framework"; sourceTree = "<group>"; };
		B174A82321F8CFCD005385FA /* QtQuickParticles.framework */ = {isa = PBXFileReference; lastKnownFileType = wrapper.framework; name = QtQuickParticles.framework; path = "../../../../env/pkg-root/local/darwin.x86-64/lib/QtQuickParticles.framework"; sourceTree = "<group>"; };
		B174A82421F8CFCD005385FA /* QtQml.framework */ = {isa = PBXFileReference; lastKnownFileType = wrapper.framework; name = QtQml.framework; path = "../../../../env/pkg-root/local/darwin.x86-64/lib/QtQml.framework"; sourceTree = "<group>"; };
		B174A82521F8CFCD005385FA /* QtNetwork.framework */ = {isa = PBXFileReference; lastKnownFileType = wrapper.framework; name = QtNetwork.framework; path = "../../../../env/pkg-root/local/darwin.x86-64/lib/QtNetwork.framework"; sourceTree = "<group>"; };
		B174A82621F8CFCD005385FA /* Qt3DCore.framework */ = {isa = PBXFileReference; lastKnownFileType = wrapper.framework; name = Qt3DCore.framework; path = "../../../../env/pkg-root/local/darwin.x86-64/lib/Qt3DCore.framework"; sourceTree = "<group>"; };
		B174A82721F8CFCD005385FA /* QtDBus.framework */ = {isa = PBXFileReference; lastKnownFileType = wrapper.framework; name = QtDBus.framework; path = "../../../../env/pkg-root/local/darwin.x86-64/lib/QtDBus.framework"; sourceTree = "<group>"; };
		B174A82821F8CFCD005385FA /* QtQuickWidgets.framework */ = {isa = PBXFileReference; lastKnownFileType = wrapper.framework; name = QtQuickWidgets.framework; path = "../../../../env/pkg-root/local/darwin.x86-64/lib/QtQuickWidgets.framework"; sourceTree = "<group>"; };
		B174A82921F8CFCD005385FA /* QtSvg.framework */ = {isa = PBXFileReference; lastKnownFileType = wrapper.framework; name = QtSvg.framework; path = "../../../../env/pkg-root/local/darwin.x86-64/lib/QtSvg.framework"; sourceTree = "<group>"; };
		B174A82A21F8CFCE005385FA /* QtPrintSupport.framework */ = {isa = PBXFileReference; lastKnownFileType = wrapper.framework; name = QtPrintSupport.framework; path = "../../../../env/pkg-root/local/darwin.x86-64/lib/QtPrintSupport.framework"; sourceTree = "<group>"; };
		B174A82B21F8CFCE005385FA /* QtWebEngine.framework */ = {isa = PBXFileReference; lastKnownFileType = wrapper.framework; name = QtWebEngine.framework; path = "../../../../env/pkg-root/local/darwin.x86-64/lib/QtWebEngine.framework"; sourceTree = "<group>"; };
		B174A82C21F8CFCE005385FA /* QtMultimedia.framework */ = {isa = PBXFileReference; lastKnownFileType = wrapper.framework; name = QtMultimedia.framework; path = "../../../../env/pkg-root/local/darwin.x86-64/lib/QtMultimedia.framework"; sourceTree = "<group>"; };
		B174A82D21F8CFCE005385FA /* QtWebEngineCore.framework */ = {isa = PBXFileReference; lastKnownFileType = wrapper.framework; name = QtWebEngineCore.framework; path = "../../../../env/pkg-root/local/darwin.x86-64/lib/QtWebEngineCore.framework"; sourceTree = "<group>"; };
		B174A82E21F8CFCE005385FA /* QtWebEngineWidgets.framework */ = {isa = PBXFileReference; lastKnownFileType = wrapper.framework; name = QtWebEngineWidgets.framework; path = "../../../../env/pkg-root/local/darwin.x86-64/lib/QtWebEngineWidgets.framework"; sourceTree = "<group>"; };
		B174A82F21F8CFCE005385FA /* QtMultimediaWidgets.framework */ = {isa = PBXFileReference; lastKnownFileType = wrapper.framework; name = QtMultimediaWidgets.framework; path = "../../../../env/pkg-root/local/darwin.x86-64/lib/QtMultimediaWidgets.framework"; sourceTree = "<group>"; };
		B174A83021F8CFCE005385FA /* QtConcurrent.framework */ = {isa = PBXFileReference; lastKnownFileType = wrapper.framework; name = QtConcurrent.framework; path = "../../../../env/pkg-root/local/darwin.x86-64/lib/QtConcurrent.framework"; sourceTree = "<group>"; };
		B174A83121F8CFCF005385FA /* QtWidgets.framework */ = {isa = PBXFileReference; lastKnownFileType = wrapper.framework; name = QtWidgets.framework; path = "../../../../env/pkg-root/local/darwin.x86-64/lib/QtWidgets.framework"; sourceTree = "<group>"; };
		B174A83221F8CFCF005385FA /* QtXml.framework */ = {isa = PBXFileReference; lastKnownFileType = wrapper.framework; name = QtXml.framework; path = "../../../../env/pkg-root/local/darwin.x86-64/lib/QtXml.framework"; sourceTree = "<group>"; };
		B174A83321F8CFCF005385FA /* QtQuickTest.framework */ = {isa = PBXFileReference; lastKnownFileType = wrapper.framework; name = QtQuickTest.framework; path = "../../../../env/pkg-root/local/darwin.x86-64/lib/QtQuickTest.framework"; sourceTree = "<group>"; };
		B174A83421F8CFCF005385FA /* QtGui.framework */ = {isa = PBXFileReference; lastKnownFileType = wrapper.framework; name = QtGui.framework; path = "../../../../env/pkg-root/local/darwin.x86-64/lib/QtGui.framework"; sourceTree = "<group>"; };
		B174A83521F8CFCF005385FA /* Qt3DQuick.framework */ = {isa = PBXFileReference; lastKnownFileType = wrapper.framework; name = Qt3DQuick.framework; path = "../../../../env/pkg-root/local/darwin.x86-64/lib/Qt3DQuick.framework"; sourceTree = "<group>"; };
		B174A83621F8CFCF005385FA /* QtQuick.framework */ = {isa = PBXFileReference; lastKnownFileType = wrapper.framework; name = QtQuick.framework; path = "../../../../env/pkg-root/local/darwin.x86-64/lib/QtQuick.framework"; sourceTree = "<group>"; };
		B174A85021F8D0C0005385FA /* liblibs-mapkit.dylib */ = {isa = PBXFileReference; lastKnownFileType = "compiled.mach-o.dylib"; name = "liblibs-mapkit.dylib"; path = "../../../../env/pkg-root/local/darwin.x86-64/lib/liblibs-mapkit.dylib"; sourceTree = "<group>"; };
		B174A85521F8D176005385FA /* res */ = {isa = PBXFileReference; lastKnownFileType = folder; path = res; sourceTree = "<group>"; };
		B174A85721F8D24E005385FA /* Cocoa.framework */ = {isa = PBXFileReference; lastKnownFileType = wrapper.framework; name = Cocoa.framework; path = System/Library/Frameworks/Cocoa.framework; sourceTree = SDKROOT; };
		B174A85A21F8D340005385FA /* libresolv.tbd */ = {isa = PBXFileReference; lastKnownFileType = "sourcecode.text-based-dylib-definition"; name = libresolv.tbd; path = usr/lib/libresolv.tbd; sourceTree = SDKROOT; };
		B174A85C21F8D353005385FA /* ImageIO.framework */ = {isa = PBXFileReference; lastKnownFileType = wrapper.framework; name = ImageIO.framework; path = System/Library/Frameworks/ImageIO.framework; sourceTree = SDKROOT; };
		B174A85E21F8D35B005385FA /* QuartzCore.framework */ = {isa = PBXFileReference; lastKnownFileType = wrapper.framework; name = QuartzCore.framework; path = System/Library/Frameworks/QuartzCore.framework; sourceTree = SDKROOT; };
		B174A86021F8D369005385FA /* Foundation.framework */ = {isa = PBXFileReference; lastKnownFileType = wrapper.framework; name = Foundation.framework; path = System/Library/Frameworks/Foundation.framework; sourceTree = SDKROOT; };
		B174A86221F8D36E005385FA /* Security.framework */ = {isa = PBXFileReference; lastKnownFileType = wrapper.framework; name = Security.framework; path = System/Library/Frameworks/Security.framework; sourceTree = SDKROOT; };
		B174A86421F8D561005385FA /* libqminimal.dylib */ = {isa = PBXFileReference; lastKnownFileType = "compiled.mach-o.dylib"; name = libqminimal.dylib; path = "../../../../env/pkg-root/local/darwin.x86-64/plugins/platforms/libqminimal.dylib"; sourceTree = "<group>"; };
		B174A86521F8D561005385FA /* libqcocoa_debug.dylib */ = {isa = PBXFileReference; lastKnownFileType = "compiled.mach-o.dylib"; name = libqcocoa_debug.dylib; path = "../../../../env/pkg-root/local/darwin.x86-64/plugins/platforms/libqcocoa_debug.dylib"; sourceTree = "<group>"; };
		B174A86621F8D561005385FA /* libqminimal_debug.dylib */ = {isa = PBXFileReference; lastKnownFileType = "compiled.mach-o.dylib"; name = libqminimal_debug.dylib; path = "../../../../env/pkg-root/local/darwin.x86-64/plugins/platforms/libqminimal_debug.dylib"; sourceTree = "<group>"; };
		B174A86721F8D561005385FA /* libqoffscreen_debug.dylib */ = {isa = PBXFileReference; lastKnownFileType = "compiled.mach-o.dylib"; name = libqoffscreen_debug.dylib; path = "../../../../env/pkg-root/local/darwin.x86-64/plugins/platforms/libqoffscreen_debug.dylib"; sourceTree = "<group>"; };
		B174A86821F8D561005385FA /* libqcocoa.dylib */ = {isa = PBXFileReference; lastKnownFileType = "compiled.mach-o.dylib"; name = libqcocoa.dylib; path = "../../../../env/pkg-root/local/darwin.x86-64/plugins/platforms/libqcocoa.dylib"; sourceTree = "<group>"; };
		B174A86921F8D562005385FA /* libqoffscreen.dylib */ = {isa = PBXFileReference; lastKnownFileType = "compiled.mach-o.dylib"; name = libqoffscreen.dylib; path = "../../../../env/pkg-root/local/darwin.x86-64/plugins/platforms/libqoffscreen.dylib"; sourceTree = "<group>"; };
		B18E53E321EE444800C16DE4 /* libruntime.dylib */ = {isa = PBXFileReference; lastKnownFileType = "compiled.mach-o.dylib"; name = libruntime.dylib; path = "../../../../env/pkg-root/local/darwin.x86-64/lib/libruntime.dylib"; sourceTree = "<group>"; };
		B18E53E821EEADB500C16DE4 /* libskia.a */ = {isa = PBXFileReference; lastKnownFileType = archive.ar; name = libskia.a; path = "../../../../env/pkg-root/local/darwin.x86-64/lib/libskia.a"; sourceTree = "<group>"; };
		B18E53EA21EEADE700C16DE4 /* CoreFoundation.framework */ = {isa = PBXFileReference; lastKnownFileType = wrapper.framework; name = CoreFoundation.framework; path = System/Library/Frameworks/CoreFoundation.framework; sourceTree = SDKROOT; };
		B18E53EC21EEAE0400C16DE4 /* CoreGraphics.framework */ = {isa = PBXFileReference; lastKnownFileType = wrapper.framework; name = CoreGraphics.framework; path = System/Library/Frameworks/CoreGraphics.framework; sourceTree = SDKROOT; };
		B18E53EE21EEAE1700C16DE4 /* CoreTelephony.framework */ = {isa = PBXFileReference; lastKnownFileType = wrapper.framework; name = CoreTelephony.framework; path = System/Library/Frameworks/CoreTelephony.framework; sourceTree = SDKROOT; };
		B18E53F021EEAE2D00C16DE4 /* CoreText.framework */ = {isa = PBXFileReference; lastKnownFileType = wrapper.framework; name = CoreText.framework; path = System/Library/Frameworks/CoreText.framework; sourceTree = SDKROOT; };
		B18E53F621EF524A00C16DE4 /* OpenGL.framework */ = {isa = PBXFileReference; lastKnownFileType = wrapper.framework; name = OpenGL.framework; path = System/Library/Frameworks/OpenGL.framework; sourceTree = SDKROOT; };
		B18E540721F08CE800C16DE4 /* QTKit.framework */ = {isa = PBXFileReference; lastKnownFileType = wrapper.framework; name = QTKit.framework; path = System/Library/Frameworks/QTKit.framework; sourceTree = SDKROOT; };
		B18E540921F08D0900C16DE4 /* QtCore.framework */ = {isa = PBXFileReference; lastKnownFileType = wrapper.framework; name = QtCore.framework; path = "../../../../env/pkg-root/local/darwin.x86-64/lib/QtCore.framework"; sourceTree = "<group>"; };
/* End PBXFileReference section */

/* Begin PBXFrameworksBuildPhase section */
		B16FF51921EDEA0B002A5B2F /* Frameworks */ = {
			isa = PBXFrameworksBuildPhase;
			buildActionMask = 2147483647;
			files = (
				B174A89721F8D7E1005385FA /* Qt3DCore.framework in Frameworks */,
				B174A89821F8D7E1005385FA /* Qt3DQuick.framework in Frameworks */,
				B174A89921F8D7E1005385FA /* QtConcurrent.framework in Frameworks */,
				B174A89A21F8D7E1005385FA /* QtCore.framework in Frameworks */,
				B174A89B21F8D7E1005385FA /* QtDBus.framework in Frameworks */,
				B174A89C21F8D7E1005385FA /* QtGui.framework in Frameworks */,
				B174A89D21F8D7E1005385FA /* QtMultimedia.framework in Frameworks */,
				B174A89E21F8D7E1005385FA /* QtMultimediaQuick_p.framework in Frameworks */,
				B174A89F21F8D7E1005385FA /* QtMultimediaWidgets.framework in Frameworks */,
				B174A8A021F8D7E1005385FA /* QtNetwork.framework in Frameworks */,
				B174A8A121F8D7E1005385FA /* QtOpenGL.framework in Frameworks */,
				B174A8A221F8D7E1005385FA /* QtPrintSupport.framework in Frameworks */,
				B174A8A321F8D7E1005385FA /* QtQml.framework in Frameworks */,
				B174A8A421F8D7E1005385FA /* QtQuick.framework in Frameworks */,
				B174A8A521F8D7E1005385FA /* QtQuickParticles.framework in Frameworks */,
				B174A8A621F8D7E1005385FA /* QtQuickTest.framework in Frameworks */,
				B174A8A721F8D7E1005385FA /* QtQuickWidgets.framework in Frameworks */,
				B174A8A821F8D7E1005385FA /* QtSvg.framework in Frameworks */,
				B174A8A921F8D7E1005385FA /* QtTest.framework in Frameworks */,
				B174A8AA21F8D7E1005385FA /* QtWebChannel.framework in Frameworks */,
				B174A8AB21F8D7E1005385FA /* QtWebEngine.framework in Frameworks */,
				B174A8AC21F8D7E1005385FA /* QtWebEngineCore.framework in Frameworks */,
				B174A8AD21F8D7E1005385FA /* QtWebEngineWidgets.framework in Frameworks */,
				B174A8AE21F8D7E1005385FA /* QtWidgets.framework in Frameworks */,
				B174A8AF21F8D7E1005385FA /* QtXml.framework in Frameworks */,
				B174A86321F8D36E005385FA /* Security.framework in Frameworks */,
				B174A86121F8D369005385FA /* Foundation.framework in Frameworks */,
				B174A85821F8D24E005385FA /* Cocoa.framework in Frameworks */,
				B174A85F21F8D35B005385FA /* QuartzCore.framework in Frameworks */,
				B174A85D21F8D353005385FA /* ImageIO.framework in Frameworks */,
				B18E53F121EEAE2D00C16DE4 /* CoreText.framework in Frameworks */,
				B18E53ED21EEAE0400C16DE4 /* CoreGraphics.framework in Frameworks */,
				B174A85B21F8D340005385FA /* libresolv.tbd in Frameworks */,
				B18E53F721EF524A00C16DE4 /* OpenGL.framework in Frameworks */,
				B174A85121F8D0C0005385FA /* liblibs-mapkit.dylib in Frameworks */,
				B174A84F21F8D082005385FA /* libYandexMetroKit.a in Frameworks */,
				B18E53FA21EF687200C16DE4 /* libruntime.dylib in Frameworks */,
				B18E53EB21EEADE700C16DE4 /* CoreFoundation.framework in Frameworks */,
			);
			runOnlyForDeploymentPostprocessing = 0;
		};
/* End PBXFrameworksBuildPhase section */

/* Begin PBXGroup section */
		B161ECEB21EE02150056308C /* Frameworks */ = {
			isa = PBXGroup;
			children = (
				B174A86521F8D561005385FA /* libqcocoa_debug.dylib */,
				B174A86821F8D561005385FA /* libqcocoa.dylib */,
				B174A86621F8D561005385FA /* libqminimal_debug.dylib */,
				B174A86421F8D561005385FA /* libqminimal.dylib */,
				B174A86721F8D561005385FA /* libqoffscreen_debug.dylib */,
				B174A86921F8D562005385FA /* libqoffscreen.dylib */,
				B174A86221F8D36E005385FA /* Security.framework */,
				B174A86021F8D369005385FA /* Foundation.framework */,
				B174A85E21F8D35B005385FA /* QuartzCore.framework */,
				B174A85C21F8D353005385FA /* ImageIO.framework */,
				B174A85A21F8D340005385FA /* libresolv.tbd */,
				B174A85721F8D24E005385FA /* Cocoa.framework */,
				B174A85021F8D0C0005385FA /* liblibs-mapkit.dylib */,
				B174A82621F8CFCD005385FA /* Qt3DCore.framework */,
				B174A83521F8CFCF005385FA /* Qt3DQuick.framework */,
				B174A83021F8CFCE005385FA /* QtConcurrent.framework */,
				B174A82721F8CFCD005385FA /* QtDBus.framework */,
				B174A83421F8CFCF005385FA /* QtGui.framework */,
				B174A82C21F8CFCE005385FA /* QtMultimedia.framework */,
				B174A82121F8CFCC005385FA /* QtMultimediaQuick_p.framework */,
				B174A82F21F8CFCE005385FA /* QtMultimediaWidgets.framework */,
				B174A82521F8CFCD005385FA /* QtNetwork.framework */,
				B174A82221F8CFCC005385FA /* QtOpenGL.framework */,
				B174A82A21F8CFCE005385FA /* QtPrintSupport.framework */,
				B174A82421F8CFCD005385FA /* QtQml.framework */,
				B174A83621F8CFCF005385FA /* QtQuick.framework */,
				B174A82321F8CFCD005385FA /* QtQuickParticles.framework */,
				B174A83321F8CFCF005385FA /* QtQuickTest.framework */,
				B174A82821F8CFCD005385FA /* QtQuickWidgets.framework */,
				B174A82921F8CFCD005385FA /* QtSvg.framework */,
				B174A81F21F8CFCC005385FA /* QtTest.framework */,
				B174A82021F8CFCC005385FA /* QtWebChannel.framework */,
				B174A82B21F8CFCE005385FA /* QtWebEngine.framework */,
				B174A82D21F8CFCE005385FA /* QtWebEngineCore.framework */,
				B174A82E21F8CFCE005385FA /* QtWebEngineWidgets.framework */,
				B174A83121F8CFCF005385FA /* QtWidgets.framework */,
				B174A83221F8CFCF005385FA /* QtXml.framework */,
				B18E540921F08D0900C16DE4 /* QtCore.framework */,
				B18E540721F08CE800C16DE4 /* QTKit.framework */,
				B18E53F621EF524A00C16DE4 /* OpenGL.framework */,
				B18E53F021EEAE2D00C16DE4 /* CoreText.framework */,
				B18E53EE21EEAE1700C16DE4 /* CoreTelephony.framework */,
				B18E53EC21EEAE0400C16DE4 /* CoreGraphics.framework */,
				B18E53EA21EEADE700C16DE4 /* CoreFoundation.framework */,
				B18E53E821EEADB500C16DE4 /* libskia.a */,
				B18E53E321EE444800C16DE4 /* libruntime.dylib */,
			);
			name = Frameworks;
			sourceTree = "<group>";
		};
		B16FF51321EDEA0B002A5B2F = {
			isa = PBXGroup;
			children = (
				B161ECDF21EE01F10056308C /* YandexMetroKit.xcodeproj */,
				B174A6C021F8C673005385FA /* src */,
				B16FF51D21EDEA0B002A5B2F /* Products */,
				B161ECEB21EE02150056308C /* Frameworks */,
			);
			sourceTree = "<group>";
		};
		B16FF51D21EDEA0B002A5B2F /* Products */ = {
			isa = PBXGroup;
			children = (
				B16FF51C21EDEA0B002A5B2F /* MetroKitTestAppMacOs */,
			);
			name = Products;
			sourceTree = "<group>";
		};
		B174A6C021F8C673005385FA /* src */ = {
			isa = PBXGroup;
			children = (
				B174A85521F8D176005385FA /* res */,
				B174A81121F8C674005385FA /* main.moc */,
				B174A81221F8C674005385FA /* main.cpp */,
			);
			path = src;
			sourceTree = "<group>";
		};
		B174A81521F8C6D0005385FA /* Products */ = {
			isa = PBXGroup;
			children = (
				B174A81A21F8C6D0005385FA /* libYandexMetroKit.a */,
				B174A81C21F8C6D0005385FA /* libYandexMetroKitTests.a */,
			);
			name = Products;
			sourceTree = "<group>";
		};
/* End PBXGroup section */

/* Begin PBXNativeTarget section */
		B16FF51B21EDEA0B002A5B2F /* MetroKitTestAppMacOs */ = {
			isa = PBXNativeTarget;
			buildConfigurationList = B16FF52321EDEA0B002A5B2F /* Build configuration list for PBXNativeTarget "MetroKitTestAppMacOs" */;
			buildPhases = (
				B16FF51821EDEA0B002A5B2F /* Sources */,
				B16FF51921EDEA0B002A5B2F /* Frameworks */,
				B16FF51A21EDEA0B002A5B2F /* Copy Dynamic Libs */,
				B174A87621F8D669005385FA /* Copy Platform Libs */,
				B18E540D21F0BC8900C16DE4 /* Copy Resources */,
				B1D7804021F2916C009B15C5 /* Delete Build Folder */,
			);
			buildRules = (
			);
			dependencies = (
				B174A81E21F8C6FF005385FA /* PBXTargetDependency */,
			);
			name = MetroKitTestAppMacOs;
			productName = MetroKitTestAppMacOs;
			productReference = B16FF51C21EDEA0B002A5B2F /* MetroKitTestAppMacOs */;
			productType = "com.apple.product-type.tool";
		};
/* End PBXNativeTarget section */

/* Begin PBXProject section */
		B16FF51421EDEA0B002A5B2F /* Project object */ = {
			isa = PBXProject;
			attributes = {
				LastUpgradeCheck = 1010;
				ORGANIZATIONNAME = "Yandex, LLC";
				TargetAttributes = {
					B16FF51B21EDEA0B002A5B2F = {
						CreatedOnToolsVersion = 10.1;
					};
				};
			};
			buildConfigurationList = B16FF51721EDEA0B002A5B2F /* Build configuration list for PBXProject "MetroKitTestAppMacOs" */;
			compatibilityVersion = "Xcode 9.3";
			developmentRegion = en;
			hasScannedForEncodings = 0;
			knownRegions = (
				en,
			);
			mainGroup = B16FF51321EDEA0B002A5B2F;
			productRefGroup = B16FF51D21EDEA0B002A5B2F /* Products */;
			projectDirPath = "";
			projectReferences = (
				{
					ProductGroup = B174A81521F8C6D0005385FA /* Products */;
					ProjectRef = B161ECDF21EE01F10056308C /* YandexMetroKit.xcodeproj */;
				},
			);
			projectRoot = "";
			targets = (
				B16FF51B21EDEA0B002A5B2F /* MetroKitTestAppMacOs */,
			);
		};
/* End PBXProject section */

/* Begin PBXReferenceProxy section */
		B174A81A21F8C6D0005385FA /* libYandexMetroKit.a */ = {
			isa = PBXReferenceProxy;
			fileType = archive.ar;
			path = libYandexMetroKit.a;
			remoteRef = B174A81921F8C6D0005385FA /* PBXContainerItemProxy */;
			sourceTree = BUILT_PRODUCTS_DIR;
		};
		B174A81C21F8C6D0005385FA /* libYandexMetroKitTests.a */ = {
			isa = PBXReferenceProxy;
			fileType = archive.ar;
			path = libYandexMetroKitTests.a;
			remoteRef = B174A81B21F8C6D0005385FA /* PBXContainerItemProxy */;
			sourceTree = BUILT_PRODUCTS_DIR;
		};
/* End PBXReferenceProxy section */

/* Begin PBXShellScriptBuildPhase section */
		B1D7804021F2916C009B15C5 /* Delete Build Folder */ = {
			isa = PBXShellScriptBuildPhase;
			buildActionMask = 2147483647;
			files = (
			);
			inputFileListPaths = (
			);
			inputPaths = (
			);
			name = "Delete Build Folder";
			outputFileListPaths = (
			);
			outputPaths = (
			);
			runOnlyForDeploymentPostprocessing = 0;
			shellPath = /bin/sh;
			shellScript = "# To avoid loading schemes from build folder\nrm -rf \"$BUILT_PRODUCTS_DIR/build\"\n";
		};
/* End PBXShellScriptBuildPhase section */

/* Begin PBXSourcesBuildPhase section */
		B16FF51821EDEA0B002A5B2F /* Sources */ = {
			isa = PBXSourcesBuildPhase;
			buildActionMask = 2147483647;
			files = (
				B174A81421F8C674005385FA /* main.cpp in Sources */,
			);
			runOnlyForDeploymentPostprocessing = 0;
		};
/* End PBXSourcesBuildPhase section */

/* Begin PBXTargetDependency section */
		B174A81E21F8C6FF005385FA /* PBXTargetDependency */ = {
			isa = PBXTargetDependency;
			name = YandexMetroKit;
			targetProxy = B174A81D21F8C6FF005385FA /* PBXContainerItemProxy */;
		};
/* End PBXTargetDependency section */

/* Begin XCBuildConfiguration section */
		B16FF52121EDEA0B002A5B2F /* Debug */ = {
			isa = XCBuildConfiguration;
			buildSettings = {
				ALWAYS_SEARCH_USER_PATHS = NO;
				CLANG_ANALYZER_NONNULL = YES;
				CLANG_ANALYZER_NUMBER_OBJECT_CONVERSION = YES_AGGRESSIVE;
				CLANG_CXX_LANGUAGE_STANDARD = "gnu++14";
				CLANG_CXX_LIBRARY = "libc++";
				CLANG_ENABLE_MODULES = YES;
				CLANG_ENABLE_OBJC_ARC = YES;
				CLANG_ENABLE_OBJC_WEAK = YES;
				CLANG_WARN_BLOCK_CAPTURE_AUTORELEASING = YES;
				CLANG_WARN_BOOL_CONVERSION = YES;
				CLANG_WARN_COMMA = YES;
				CLANG_WARN_CONSTANT_CONVERSION = YES;
				CLANG_WARN_DEPRECATED_OBJC_IMPLEMENTATIONS = YES;
				CLANG_WARN_DIRECT_OBJC_ISA_USAGE = YES_ERROR;
				CLANG_WARN_DOCUMENTATION_COMMENTS = YES;
				CLANG_WARN_EMPTY_BODY = YES;
				CLANG_WARN_ENUM_CONVERSION = YES;
				CLANG_WARN_INFINITE_RECURSION = YES;
				CLANG_WARN_INT_CONVERSION = YES;
				CLANG_WARN_NON_LITERAL_NULL_CONVERSION = YES;
				CLANG_WARN_OBJC_IMPLICIT_RETAIN_SELF = YES;
				CLANG_WARN_OBJC_LITERAL_CONVERSION = YES;
				CLANG_WARN_OBJC_ROOT_CLASS = YES_ERROR;
				CLANG_WARN_RANGE_LOOP_ANALYSIS = YES;
				CLANG_WARN_STRICT_PROTOTYPES = YES;
				CLANG_WARN_SUSPICIOUS_MOVE = YES;
				CLANG_WARN_UNGUARDED_AVAILABILITY = YES_AGGRESSIVE;
				CLANG_WARN_UNREACHABLE_CODE = YES;
				CLANG_WARN__DUPLICATE_METHOD_MATCH = YES;
				CODE_SIGN_IDENTITY = "Mac Developer";
				COPY_PHASE_STRIP = NO;
				DEBUG_INFORMATION_FORMAT = dwarf;
				ENABLE_STRICT_OBJC_MSGSEND = YES;
				ENABLE_TESTABILITY = YES;
				GCC_C_LANGUAGE_STANDARD = gnu11;
				GCC_DYNAMIC_NO_PIC = NO;
				GCC_NO_COMMON_BLOCKS = YES;
				GCC_OPTIMIZATION_LEVEL = 0;
				GCC_PREPROCESSOR_DEFINITIONS = (
					"DEBUG=1",
					"$(inherited)",
				);
				GCC_WARN_64_TO_32_BIT_CONVERSION = YES;
				GCC_WARN_ABOUT_RETURN_TYPE = YES_ERROR;
				GCC_WARN_UNDECLARED_SELECTOR = YES;
				GCC_WARN_UNINITIALIZED_AUTOS = YES_AGGRESSIVE;
				GCC_WARN_UNUSED_FUNCTION = YES;
				GCC_WARN_UNUSED_VARIABLE = YES;
				MACOSX_DEPLOYMENT_TARGET = 10.14;
				MTL_ENABLE_DEBUG_INFO = INCLUDE_SOURCE;
				MTL_FAST_MATH = YES;
				ONLY_ACTIVE_ARCH = YES;
				SDKROOT = macosx;
			};
			name = Debug;
		};
		B16FF52221EDEA0B002A5B2F /* Release */ = {
			isa = XCBuildConfiguration;
			buildSettings = {
				ALWAYS_SEARCH_USER_PATHS = NO;
				CLANG_ANALYZER_NONNULL = YES;
				CLANG_ANALYZER_NUMBER_OBJECT_CONVERSION = YES_AGGRESSIVE;
				CLANG_CXX_LANGUAGE_STANDARD = "gnu++14";
				CLANG_CXX_LIBRARY = "libc++";
				CLANG_ENABLE_MODULES = YES;
				CLANG_ENABLE_OBJC_ARC = YES;
				CLANG_ENABLE_OBJC_WEAK = YES;
				CLANG_WARN_BLOCK_CAPTURE_AUTORELEASING = YES;
				CLANG_WARN_BOOL_CONVERSION = YES;
				CLANG_WARN_COMMA = YES;
				CLANG_WARN_CONSTANT_CONVERSION = YES;
				CLANG_WARN_DEPRECATED_OBJC_IMPLEMENTATIONS = YES;
				CLANG_WARN_DIRECT_OBJC_ISA_USAGE = YES_ERROR;
				CLANG_WARN_DOCUMENTATION_COMMENTS = YES;
				CLANG_WARN_EMPTY_BODY = YES;
				CLANG_WARN_ENUM_CONVERSION = YES;
				CLANG_WARN_INFINITE_RECURSION = YES;
				CLANG_WARN_INT_CONVERSION = YES;
				CLANG_WARN_NON_LITERAL_NULL_CONVERSION = YES;
				CLANG_WARN_OBJC_IMPLICIT_RETAIN_SELF = YES;
				CLANG_WARN_OBJC_LITERAL_CONVERSION = YES;
				CLANG_WARN_OBJC_ROOT_CLASS = YES_ERROR;
				CLANG_WARN_RANGE_LOOP_ANALYSIS = YES;
				CLANG_WARN_STRICT_PROTOTYPES = YES;
				CLANG_WARN_SUSPICIOUS_MOVE = YES;
				CLANG_WARN_UNGUARDED_AVAILABILITY = YES_AGGRESSIVE;
				CLANG_WARN_UNREACHABLE_CODE = YES;
				CLANG_WARN__DUPLICATE_METHOD_MATCH = YES;
				CODE_SIGN_IDENTITY = "Mac Developer";
				COPY_PHASE_STRIP = NO;
				DEBUG_INFORMATION_FORMAT = "dwarf-with-dsym";
				ENABLE_NS_ASSERTIONS = NO;
				ENABLE_STRICT_OBJC_MSGSEND = YES;
				GCC_C_LANGUAGE_STANDARD = gnu11;
				GCC_NO_COMMON_BLOCKS = YES;
				GCC_WARN_64_TO_32_BIT_CONVERSION = YES;
				GCC_WARN_ABOUT_RETURN_TYPE = YES_ERROR;
				GCC_WARN_UNDECLARED_SELECTOR = YES;
				GCC_WARN_UNINITIALIZED_AUTOS = YES_AGGRESSIVE;
				GCC_WARN_UNUSED_FUNCTION = YES;
				GCC_WARN_UNUSED_VARIABLE = YES;
				MACOSX_DEPLOYMENT_TARGET = 10.14;
				MTL_ENABLE_DEBUG_INFO = NO;
				MTL_FAST_MATH = YES;
				SDKROOT = macosx;
			};
			name = Release;
		};
		B16FF52421EDEA0B002A5B2F /* Debug */ = {
			isa = XCBuildConfiguration;
			buildSettings = {
				CODE_SIGN_STYLE = Automatic;
				DEVELOPMENT_TEAM = 477EAT77S3;
				FRAMEWORK_SEARCH_PATHS = "$(PROJECT_DIR)/../../../../env/pkg-root/local/darwin.x86-64/lib";
				HEADER_SEARCH_PATHS = (
					"$(PROJECT_DIR)/../../../../bundle/metrokit",
					"$(PROJECT_DIR)/../../../../env/pkg-root/local/darwin.x86-64/include",
					"$(PROJECT_DIR)/../../../../env/pkg-root/local/darwin.x86-64/include/skia/**",
					"$(PROJECT_DIR)/../../../../env/pkg-root/include",
				);
				LD_RUNPATH_SEARCH_PATHS = "";
				LIBRARY_SEARCH_PATHS = "$(PROJECT_DIR)/../../../../env/pkg-root/local/darwin.x86-64/lib";
				OTHER_CPLUSPLUSFLAGS = (
					"$(OTHER_CFLAGS)",
					"-DQT_NO_KEYWORDS",
				);
				PRODUCT_NAME = "$(TARGET_NAME)";
			};
			name = Debug;
		};
		B16FF52521EDEA0B002A5B2F /* Release */ = {
			isa = XCBuildConfiguration;
			buildSettings = {
				CODE_SIGN_STYLE = Automatic;
				DEVELOPMENT_TEAM = 477EAT77S3;
				FRAMEWORK_SEARCH_PATHS = "$(PROJECT_DIR)/../../../../env/pkg-root/local/darwin.x86-64/lib";
				HEADER_SEARCH_PATHS = (
					"$(PROJECT_DIR)/../../../../bundle/metrokit",
					"$(PROJECT_DIR)/../../../../env/pkg-root/local/darwin.x86-64/include",
					"$(PROJECT_DIR)/../../../../env/pkg-root/local/darwin.x86-64/include/skia/**",
					"$(PROJECT_DIR)/../../../../env/pkg-root/include",
				);
				LD_RUNPATH_SEARCH_PATHS = "";
				LIBRARY_SEARCH_PATHS = "$(PROJECT_DIR)/../../../../env/pkg-root/local/darwin.x86-64/lib";
				OTHER_CPLUSPLUSFLAGS = (
					"$(OTHER_CFLAGS)",
					"-DQT_NO_KEYWORDS",
				);
				PRODUCT_NAME = "$(TARGET_NAME)";
			};
			name = Release;
		};
/* End XCBuildConfiguration section */

/* Begin XCConfigurationList section */
		B16FF51721EDEA0B002A5B2F /* Build configuration list for PBXProject "MetroKitTestAppMacOs" */ = {
			isa = XCConfigurationList;
			buildConfigurations = (
				B16FF52121EDEA0B002A5B2F /* Debug */,
				B16FF52221EDEA0B002A5B2F /* Release */,
			);
			defaultConfigurationIsVisible = 0;
			defaultConfigurationName = Release;
		};
		B16FF52321EDEA0B002A5B2F /* Build configuration list for PBXNativeTarget "MetroKitTestAppMacOs" */ = {
			isa = XCConfigurationList;
			buildConfigurations = (
				B16FF52421EDEA0B002A5B2F /* Debug */,
				B16FF52521EDEA0B002A5B2F /* Release */,
			);
			defaultConfigurationIsVisible = 0;
			defaultConfigurationName = Release;
		};
/* End XCConfigurationList section */
	};
	rootObject = B16FF51421EDEA0B002A5B2F /* Project object */;
}
